<?xml version="1.0" encoding="utf-8"?>
<Project ToolsVersion="4.0" xmlns="http://schemas.microsoft.com/developer/msbuild/2003">
  <ItemGroup>
    <Filter Include="Quelldateien">
      <UniqueIdentifier>{4FC737F1-C7A5-4376-A066-2A32D752A2FF}</UniqueIdentifier>
      <Extensions>cpp;c;cc;cxx;def;odl;idl;hpj;bat;asm;asmx</Extensions>
    </Filter>
    <Filter Include="Headerdateien">
      <UniqueIdentifier>{93995380-89BD-4b04-88EB-625FBE52EBFB}</UniqueIdentifier>
      <Extensions>h;hpp;hxx;hm;inl;inc;xsd</Extensions>
    </Filter>
    <Filter Include="Ressourcendateien">
      <UniqueIdentifier>{67DA6AB6-F800-4c08-8B7A-83BB121AAD01}</UniqueIdentifier>
      <Extensions>rc;ico;cur;bmp;dlg;rc2;rct;bin;rgs;gif;jpg;jpeg;jpe;resx;tiff;tif;png;wav;mfcribbon-ms</Extensions>
    </Filter>
    <Filter Include="Headerdateien\Classes under test">
      <UniqueIdentifier>{0cf2f0b8-7d62-4503-b86f-d23a4e149f50}</UniqueIdentifier>
    </Filter>
    <Filter Include="Quelldateien\Classes under test">
      <UniqueIdentifier>{be05a5dd-a6f6-4ad1-90e0-0b7c5636a532}</UniqueIdentifier>
    </Filter>
  </ItemGroup>
  <ItemGroup>
    <ClInclude Include="stdafx.h">
      <Filter>Headerdateien</Filter>
    </ClInclude>
    <ClInclude Include="targetver.h">
      <Filter>Headerdateien</Filter>
    </ClInclude>
    <ClInclude Include="..\src\BaseThread.h">
      <Filter>Headerdateien\Classes under test</Filter>
    </ClInclude>
    <ClInclude Include="..\src\DoubleHelper.h">
      <Filter>Headerdateien\Classes under test</Filter>
    </ClInclude>
    <ClInclude Include="..\src\HighResolutionTimer.h">
      <Filter>Headerdateien\Classes under test</Filter>
    </ClInclude>
    <ClInclude Include="..\src\LogFactory.h">
      <Filter>Headerdateien\Classes under test</Filter>
    </ClInclude>
    <ClInclude Include="..\src\Logger.h">
      <Filter>Headerdateien\Classes under test</Filter>
    </ClInclude>
    <ClInclude Include="..\src\LoggerCout.h">
      <Filter>Headerdateien\Classes under test</Filter>
    </ClInclude>
    <ClInclude Include="..\src\LoggerFile.h">
      <Filter>Headerdateien\Classes under test</Filter>
    </ClInclude>
    <ClInclude Include="..\src\LogInterface.h">
      <Filter>Headerdateien\Classes under test</Filter>
    </ClInclude>
    <ClInclude Include="..\src\LogLevel.h">
      <Filter>Headerdateien\Classes under test</Filter>
    </ClInclude>
    <ClInclude Include="..\src\LogManager.h">
      <Filter>Headerdateien\Classes under test</Filter>
    </ClInclude>
    <ClInclude Include="..\src\LogManagerThread.h">
      <Filter>Headerdateien\Classes under test</Filter>
    </ClInclude>
    <ClInclude Include="..\src\LogMessage.h">
      <Filter>Headerdateien\Classes under test</Filter>
    </ClInclude>
    <ClInclude Include="..\src\DateTime.h">
      <Filter>Headerdateien\Classes under test</Filter>
    </ClInclude>
    <ClInclude Include="..\src\DirectoryParser.h">
      <Filter>Headerdateien\Classes under test</Filter>
    </ClInclude>
    <ClInclude Include="..\src\File.h">
      <Filter>Headerdateien\Classes under test</Filter>
    </ClInclude>
    <ClInclude Include="..\src\StringHelper.h">
      <Filter>Headerdateien\Classes under test</Filter>
    </ClInclude>
  </ItemGroup>
  <ItemGroup>
    <ClCompile Include="stdafx.cpp">
      <Filter>Quelldateien</Filter>
    </ClCompile>
    <ClCompile Include="..\src\BaseThread.cpp">
      <Filter>Quelldateien\Classes under test</Filter>
    </ClCompile>
    <ClCompile Include="..\src\DoubleHelper.cpp">
      <Filter>Quelldateien\Classes under test</Filter>
    </ClCompile>
    <ClCompile Include="..\src\HighResolutionTimer.cpp">
      <Filter>Quelldateien\Classes under test</Filter>
    </ClCompile>
    <ClCompile Include="..\src\LogFactory.cpp">
      <Filter>Quelldateien\Classes under test</Filter>
    </ClCompile>
    <ClCompile Include="..\src\Logger.cpp">
      <Filter>Quelldateien\Classes under test</Filter>
    </ClCompile>
    <ClCompile Include="..\src\LoggerCout.cpp">
      <Filter>Quelldateien\Classes under test</Filter>
    </ClCompile>
    <ClCompile Include="..\src\LoggerFile.cpp">
      <Filter>Quelldateien\Classes under test</Filter>
    </ClCompile>
    <ClCompile Include="..\src\LogInterface.cpp">
      <Filter>Quelldateien\Classes under test</Filter>
    </ClCompile>
    <ClCompile Include="..\src\LogLevel.cpp">
      <Filter>Quelldateien\Classes under test</Filter>
    </ClCompile>
    <ClCompile Include="..\src\LogManager.cpp">
      <Filter>Quelldateien\Classes under test</Filter>
    </ClCompile>
    <ClCompile Include="..\src\LogManagerThread.cpp">
      <Filter>Quelldateien\Classes under test</Filter>
    </ClCompile>
    <ClCompile Include="..\src\LogMessage.cpp">
      <Filter>Quelldateien\Classes under test</Filter>
    </ClCompile>
    <ClCompile Include="..\src\DateTime.cpp">
      <Filter>Quelldateien\Classes under test</Filter>
    </ClCompile>
    <ClCompile Include="UnitTestDoubleHelper.cpp">
      <Filter>Quelldateien</Filter>
    </ClCompile>
<<<<<<< HEAD
    <ClCompile Include="..\src\DirectoryParser.cpp">
      <Filter>Quelldateien\Classes under test</Filter>
    </ClCompile>
    <ClCompile Include="..\src\File.cpp">
      <Filter>Quelldateien\Classes under test</Filter>
    </ClCompile>
    <ClCompile Include="..\src\StringHelper.cpp">
      <Filter>Quelldateien\Classes under test</Filter>
    </ClCompile>
=======
>>>>>>> ec0bc49f49a53b5be3aa5c6c6cc5255fc8373675
  </ItemGroup>
</Project>