<?xml version="1.0" encoding="utf-8"?>
<Project ToolsVersion="4.0" xmlns="http://schemas.microsoft.com/developer/msbuild/2003">
  <ItemGroup>
    <Filter Include="Source Dateien">
      <UniqueIdentifier>{4FC737F1-C7A5-4376-A066-2A32D752A2FF}</UniqueIdentifier>
      <Extensions>cpp;cxx;c;def</Extensions>
    </Filter>
    <Filter Include="Header Dateien">
      <UniqueIdentifier>{93995380-89BD-4b04-88EB-625FBE52EBFB}</UniqueIdentifier>
      <Extensions>h</Extensions>
    </Filter>
    <Filter Include="Form Dateien">
      <UniqueIdentifier>{99349809-55BA-4b9d-BF79-8FDBB0286EB3}</UniqueIdentifier>
      <Extensions>ui</Extensions>
    </Filter>
    <Filter Include="Resource Dateien">
      <UniqueIdentifier>{D9D6E242-F8AF-46E4-B9FD-80ECBC20BA3E}</UniqueIdentifier>
      <Extensions>qrc;*</Extensions>
      <ParseFiles>false</ParseFiles>
    </Filter>
    <Filter Include="Generierte Dateien">
      <UniqueIdentifier>{71ED8ED8-ACB9-4CE9-BBE1-E00B30144E11}</UniqueIdentifier>
      <Extensions>moc;h;cpp</Extensions>
      <SourceControlFiles>False</SourceControlFiles>
    </Filter>
    <Filter Include="Generierte Dateien\Debug">
      <UniqueIdentifier>{a39d59d3-9643-4ca0-8146-0030625536dc}</UniqueIdentifier>
      <Extensions>cpp;moc</Extensions>
      <SourceControlFiles>False</SourceControlFiles>
    </Filter>
    <Filter Include="Generierte Dateien\Release">
      <UniqueIdentifier>{66a74cab-0e9c-4563-b0a3-5083627d1dd3}</UniqueIdentifier>
      <Extensions>cpp;moc</Extensions>
      <SourceControlFiles>False</SourceControlFiles>
    </Filter>
    <Filter Include="Header Dateien\StdLibQt">
      <UniqueIdentifier>{f3c838d2-bd2d-49b3-91d2-ccb2f89e193f}</UniqueIdentifier>
    </Filter>
    <Filter Include="Source Dateien\StdLibQt">
      <UniqueIdentifier>{7b79b4b7-248c-4f17-b987-c90359527f8d}</UniqueIdentifier>
    </Filter>
    <Filter Include="Header Dateien\Editor">
      <UniqueIdentifier>{7a101526-3fad-425b-a4af-4b59007a8f95}</UniqueIdentifier>
    </Filter>
    <Filter Include="Source Dateien\Editor">
      <UniqueIdentifier>{7b7123b8-6374-416a-9670-2ded904c4374}</UniqueIdentifier>
    </Filter>
    <Filter Include="Header Dateien\Model">
      <UniqueIdentifier>{480bdaa4-6721-4246-b568-109ba61435b3}</UniqueIdentifier>
    </Filter>
    <Filter Include="Source Dateien\Model">
      <UniqueIdentifier>{f8f8ca81-e792-4e7e-8b26-9cf8cc769e11}</UniqueIdentifier>
    </Filter>
    <Filter Include="Header Dateien\IO">
      <UniqueIdentifier>{be895a2f-8bd5-4887-a12c-04da0c74a39c}</UniqueIdentifier>
    </Filter>
    <Filter Include="Source Dateien\Utilities">
      <UniqueIdentifier>{e65480fc-38e1-44dc-83a2-57bd92a24dc0}</UniqueIdentifier>
    </Filter>
    <Filter Include="Source Dateien\IO">
      <UniqueIdentifier>{9ad0830e-5ecf-4209-95d7-f0da5c571f37}</UniqueIdentifier>
    </Filter>
    <Filter Include="Source Dateien\Game">
      <UniqueIdentifier>{193580ec-78a7-4a6d-891f-fbb9c9f2cdac}</UniqueIdentifier>
    </Filter>
    <Filter Include="Header Dateien\Game">
      <UniqueIdentifier>{6c2f3ced-d2b0-4d43-947b-a8e622927f7e}</UniqueIdentifier>
    </Filter>
    <Filter Include="Header Dateien\Connectors">
      <UniqueIdentifier>{8293fe19-f006-46c6-86ac-0bba7fed9d7b}</UniqueIdentifier>
    </Filter>
    <Filter Include="Source Dateien\Connectors">
      <UniqueIdentifier>{a3bcf715-24d3-4464-86de-be2beeb986d5}</UniqueIdentifier>
    </Filter>
    <Filter Include="Header Dateien\Map">
      <UniqueIdentifier>{32231a99-e1be-4f66-bd95-950e4bdaa3a2}</UniqueIdentifier>
    </Filter>
    <Filter Include="Source Dateien\Map">
      <UniqueIdentifier>{9f0648e3-7e57-47b0-be63-aecb0d7bcdb2}</UniqueIdentifier>
    </Filter>
    <Filter Include="Header Dateien\Dialogs">
      <UniqueIdentifier>{0e92682c-2076-49f6-ad60-ebd776b3e61c}</UniqueIdentifier>
    </Filter>
    <Filter Include="Source Dateien\Dialogs">
      <UniqueIdentifier>{c4661f96-8049-4a3f-9c0e-1712a246503e}</UniqueIdentifier>
    </Filter>
  </ItemGroup>
  <ItemGroup>
    <ClCompile Include="stdafx.cpp">
      <Filter>Source Dateien</Filter>
    </ClCompile>
    <ClCompile Include="main.cpp">
      <Filter>Source Dateien</Filter>
    </ClCompile>
    <ClCompile Include="gamedemonstrator.cpp">
      <Filter>Source Dateien</Filter>
    </ClCompile>
    <ClCompile Include="GeneratedFiles\Debug\moc_gamedemonstrator.cpp">
      <Filter>Generierte Dateien\Debug</Filter>
    </ClCompile>
    <ClCompile Include="GeneratedFiles\Release\moc_gamedemonstrator.cpp">
      <Filter>Generierte Dateien\Release</Filter>
    </ClCompile>
    <ClCompile Include="GeneratedFiles\qrc_gamedemonstrator.cpp">
      <Filter>Generierte Dateien</Filter>
    </ClCompile>
    <ClCompile Include="GeneratedFiles\Debug\moc_LoggerTableWidget.cpp">
      <Filter>Generierte Dateien\Debug</Filter>
    </ClCompile>
    <ClCompile Include="GeneratedFiles\Release\moc_LoggerTableWidget.cpp">
      <Filter>Generierte Dateien\Release</Filter>
    </ClCompile>
    <ClCompile Include="GeneratedFiles\Debug\moc_LogInterface.cpp">
      <Filter>Generierte Dateien\Debug</Filter>
    </ClCompile>
    <ClCompile Include="GeneratedFiles\Release\moc_LogInterface.cpp">
      <Filter>Generierte Dateien\Release</Filter>
    </ClCompile>
    <ClCompile Include="GeneratedFiles\Debug\moc_LogManager.cpp">
      <Filter>Generierte Dateien\Debug</Filter>
    </ClCompile>
    <ClCompile Include="GeneratedFiles\Release\moc_LogManager.cpp">
      <Filter>Generierte Dateien\Release</Filter>
    </ClCompile>
    <ClCompile Include="GeneratedFiles\Debug\moc_LogManagerThread.cpp">
      <Filter>Generierte Dateien\Debug</Filter>
    </ClCompile>
    <ClCompile Include="GeneratedFiles\Release\moc_LogManagerThread.cpp">
      <Filter>Generierte Dateien\Release</Filter>
    </ClCompile>
    <ClCompile Include="..\StandardLibQt\Command.cpp">
      <Filter>Source Dateien\StdLibQt</Filter>
    </ClCompile>
    <ClCompile Include="..\StandardLibQt\LogFactory.cpp">
      <Filter>Source Dateien\StdLibQt</Filter>
    </ClCompile>
    <ClCompile Include="..\StandardLibQt\Logger.cpp">
      <Filter>Source Dateien\StdLibQt</Filter>
    </ClCompile>
    <ClCompile Include="..\StandardLibQt\LoggerCout.cpp">
      <Filter>Source Dateien\StdLibQt</Filter>
    </ClCompile>
    <ClCompile Include="..\StandardLibQt\LoggerFile.cpp">
      <Filter>Source Dateien\StdLibQt</Filter>
    </ClCompile>
    <ClCompile Include="..\StandardLibQt\LoggerTableWidget.cpp">
      <Filter>Source Dateien\StdLibQt</Filter>
    </ClCompile>
    <ClCompile Include="..\StandardLibQt\LogInterface.cpp">
      <Filter>Source Dateien\StdLibQt</Filter>
    </ClCompile>
    <ClCompile Include="..\StandardLibQt\LogLevel.cpp">
      <Filter>Source Dateien\StdLibQt</Filter>
    </ClCompile>
    <ClCompile Include="..\StandardLibQt\LogManager.cpp">
      <Filter>Source Dateien\StdLibQt</Filter>
    </ClCompile>
    <ClCompile Include="..\StandardLibQt\LogManagerThread.cpp">
      <Filter>Source Dateien\StdLibQt</Filter>
    </ClCompile>
    <ClCompile Include="..\StandardLibQt\LogMessage.cpp">
      <Filter>Source Dateien\StdLibQt</Filter>
    </ClCompile>
    <ClCompile Include="GeneratedFiles\Debug\moc_LoggingTableWidget.cpp">
      <Filter>Generierte Dateien\Debug</Filter>
    </ClCompile>
    <ClCompile Include="GeneratedFiles\Release\moc_LoggingTableWidget.cpp">
      <Filter>Generierte Dateien\Release</Filter>
    </ClCompile>
    <ClCompile Include="..\StandardLibQt\LoggingTableWidget.cpp">
      <Filter>Source Dateien\StdLibQt</Filter>
    </ClCompile>
    <ClCompile Include="ModelFactory.cpp">
      <Filter>Source Dateien\Model</Filter>
    </ClCompile>
    <ClCompile Include="Action.cpp">
      <Filter>Source Dateien</Filter>
    </ClCompile>
    <ClCompile Include="model\ModelOwnerTypeFactory.cpp">
      <Filter>Source Dateien\Model</Filter>
    </ClCompile>
    <ClCompile Include="model\ModelOwnerTypeRepository.cpp">
      <Filter>Source Dateien\Model</Filter>
    </ClCompile>
    <ClCompile Include="model\ModelTerrainTypeRepository.cpp">
      <Filter>Source Dateien\Model</Filter>
    </ClCompile>
    <ClCompile Include="model\ModelTerrainTypeFactory.cpp">
      <Filter>Source Dateien\Model</Filter>
    </ClCompile>
    <ClCompile Include="model\ModelTerrainType.cpp">
      <Filter>Source Dateien\Model</Filter>
    </ClCompile>
    <ClCompile Include="model\ModelOwnerType.cpp">
      <Filter>Source Dateien\Model</Filter>
    </ClCompile>
    <ClCompile Include="GeneratedFiles\Debug\moc_GameMainLoop.cpp">
      <Filter>Generierte Dateien\Debug</Filter>
    </ClCompile>
    <ClCompile Include="GeneratedFiles\Release\moc_GameMainLoop.cpp">
      <Filter>Generierte Dateien\Release</Filter>
    </ClCompile>
    <ClCompile Include="GeneratedFiles\Debug\moc_GameMainThread.cpp">
      <Filter>Generierte Dateien\Debug</Filter>
    </ClCompile>
    <ClCompile Include="GeneratedFiles\Release\moc_GameMainThread.cpp">
      <Filter>Generierte Dateien\Release</Filter>
    </ClCompile>
    <ClCompile Include="game\GameMainCounter.cpp">
      <Filter>Source Dateien\Game</Filter>
    </ClCompile>
    <ClCompile Include="game\GameMainLoop.cpp">
      <Filter>Source Dateien\Game</Filter>
    </ClCompile>
    <ClCompile Include="game\GameMainThread.cpp">
      <Filter>Source Dateien\Game</Filter>
    </ClCompile>
    <ClCompile Include="game\GameMode.cpp">
      <Filter>Source Dateien\Game</Filter>
    </ClCompile>
    <ClCompile Include="game\GameModeEditor.cpp">
      <Filter>Source Dateien\Game</Filter>
    </ClCompile>
    <ClCompile Include="model\ModelTerrainXMLItems.cpp">
      <Filter>Source Dateien\Model</Filter>
    </ClCompile>
    <ClCompile Include="model\ModelOwnerTypeXMLItems.cpp">
      <Filter>Source Dateien\Model</Filter>
    </ClCompile>
    <ClCompile Include="model\ModelProgramFactory.cpp">
      <Filter>Source Dateien\Model</Filter>
    </ClCompile>
    <ClCompile Include="model\ModelProgramSettings.cpp">
      <Filter>Source Dateien\Model</Filter>
    </ClCompile>
    <ClCompile Include="ActionRepository.cpp">
      <Filter>Source Dateien</Filter>
    </ClCompile>
    <ClCompile Include="GeneratedFiles\Debug\moc_ActionRepository.cpp">
      <Filter>Generierte Dateien\Debug</Filter>
    </ClCompile>
    <ClCompile Include="GeneratedFiles\Release\moc_ActionRepository.cpp">
      <Filter>Generierte Dateien\Release</Filter>
    </ClCompile>
    <ClCompile Include="model\ModelConfigurationHeaderXMLItems.cpp">
      <Filter>Source Dateien\Model</Filter>
    </ClCompile>
    <ClCompile Include="model\ModelUnitType.cpp">
      <Filter>Source Dateien\Model</Filter>
    </ClCompile>
    <ClCompile Include="model\ModelUnitTypeFactory.cpp">
      <Filter>Source Dateien\Model</Filter>
    </ClCompile>
    <ClCompile Include="model\ModelUnitTypeXMLItems.cpp">
      <Filter>Source Dateien\Model</Filter>
    </ClCompile>
    <ClCompile Include="model\ModelUnitTypeRepository.cpp">
      <Filter>Source Dateien\Model</Filter>
    </ClCompile>
    <ClCompile Include="connectors\ConnectorLoadCreateGame.cpp">
      <Filter>Source Dateien\Connectors</Filter>
    </ClCompile>
    <ClCompile Include="GeneratedFiles\Debug\moc_ConnectorLoadCreateGame.cpp">
      <Filter>Generierte Dateien\Debug</Filter>
    </ClCompile>
    <ClCompile Include="GeneratedFiles\Release\moc_ConnectorLoadCreateGame.cpp">
      <Filter>Generierte Dateien\Release</Filter>
    </ClCompile>
    <ClCompile Include="game\GameModeSinglePlayer.cpp">
      <Filter>Source Dateien\Game</Filter>
    </ClCompile>
    <ClCompile Include="map\MapUnitItem.cpp">
      <Filter>Source Dateien\Map</Filter>
    </ClCompile>
    <ClCompile Include="map\MapUnitItemFactory.cpp">
      <Filter>Source Dateien\Map</Filter>
    </ClCompile>
    <ClCompile Include="map\MapGraphicsScene.cpp">
      <Filter>Source Dateien\Map</Filter>
    </ClCompile>
    <ClCompile Include="map\MapHexItem.cpp">
      <Filter>Source Dateien\Map</Filter>
    </ClCompile>
    <ClCompile Include="map\MapView.cpp">
      <Filter>Source Dateien\Map</Filter>
    </ClCompile>
    <ClCompile Include="GeneratedFiles\Debug\moc_MapGraphicsScene.cpp">
      <Filter>Generierte Dateien\Debug</Filter>
    </ClCompile>
    <ClCompile Include="GeneratedFiles\Release\moc_MapGraphicsScene.cpp">
      <Filter>Generierte Dateien\Release</Filter>
    </ClCompile>
    <ClCompile Include="GeneratedFiles\Debug\moc_MapView.cpp">
      <Filter>Generierte Dateien\Debug</Filter>
    </ClCompile>
    <ClCompile Include="GeneratedFiles\Release\moc_MapView.cpp">
      <Filter>Generierte Dateien\Release</Filter>
    </ClCompile>
    <ClCompile Include="GeneratedFiles\Debug\moc_MapEventManager.cpp">
      <Filter>Generierte Dateien\Debug</Filter>
    </ClCompile>
    <ClCompile Include="GeneratedFiles\Release\moc_MapEventManager.cpp">
      <Filter>Generierte Dateien\Release</Filter>
    </ClCompile>
    <ClCompile Include="map\MapEventManager.cpp">
      <Filter>Source Dateien\Map</Filter>
    </ClCompile>
    <ClCompile Include="io\ConfigFileLoader.cpp">
      <Filter>Source Dateien\IO</Filter>
    </ClCompile>
    <ClCompile Include="model\ModelProgramSettingsXMLItems.cpp">
      <Filter>Source Dateien\Model</Filter>
    </ClCompile>
    <ClCompile Include="editors\UnitTypeEditor.cpp">
      <Filter>Source Dateien\Editor</Filter>
    </ClCompile>
    <ClCompile Include="GeneratedFiles\Debug\moc_UnitTypeEditor.cpp">
      <Filter>Generierte Dateien\Debug</Filter>
    </ClCompile>
    <ClCompile Include="GeneratedFiles\Release\moc_UnitTypeEditor.cpp">
      <Filter>Generierte Dateien\Release</Filter>
    </ClCompile>
    <ClCompile Include="connectors\ConnectorTerrainEditorGameMap.cpp">
      <Filter>Source Dateien\Connectors</Filter>
    </ClCompile>
    <ClCompile Include="GeneratedFiles\Debug\moc_ConnectorTerrainEditorGameMap.cpp">
      <Filter>Generierte Dateien\Debug</Filter>
    </ClCompile>
    <ClCompile Include="GeneratedFiles\Release\moc_ConnectorTerrainEditorGameMap.cpp">
      <Filter>Generierte Dateien\Release</Filter>
    </ClCompile>
    <ClCompile Include="connectors\ConnectorUnitTypeGameMap.cpp">
      <Filter>Source Dateien\Connectors</Filter>
    </ClCompile>
    <ClCompile Include="GeneratedFiles\Debug\moc_ConnectorUnitTypeGameMap.cpp">
      <Filter>Generierte Dateien\Debug</Filter>
    </ClCompile>
    <ClCompile Include="GeneratedFiles\Release\moc_ConnectorUnitTypeGameMap.cpp">
      <Filter>Generierte Dateien\Release</Filter>
    </ClCompile>
    <ClCompile Include="GeneratedFiles\Debug\moc_TerrainTypeEditor.cpp">
      <Filter>Generierte Dateien\Debug</Filter>
    </ClCompile>
    <ClCompile Include="GeneratedFiles\Release\moc_TerrainTypeEditor.cpp">
      <Filter>Generierte Dateien\Release</Filter>
    </ClCompile>
    <ClCompile Include="editors\TerrainTypeEditor.cpp">
      <Filter>Source Dateien\Editor</Filter>
    </ClCompile>
    <ClCompile Include="GeneratedFiles\Debug\moc_CreateNewMapDialog.cpp">
      <Filter>Generierte Dateien\Debug</Filter>
    </ClCompile>
    <ClCompile Include="GeneratedFiles\Release\moc_CreateNewMapDialog.cpp">
      <Filter>Generierte Dateien\Release</Filter>
    </ClCompile>
    <ClCompile Include="GeneratedFiles\Debug\moc_GameTurnDialog.cpp">
      <Filter>Generierte Dateien\Debug</Filter>
    </ClCompile>
    <ClCompile Include="GeneratedFiles\Release\moc_GameTurnDialog.cpp">
      <Filter>Generierte Dateien\Release</Filter>
    </ClCompile>
    <ClCompile Include="GeneratedFiles\Debug\moc_HexItemInfoDialog.cpp">
      <Filter>Generierte Dateien\Debug</Filter>
    </ClCompile>
    <ClCompile Include="GeneratedFiles\Release\moc_HexItemInfoDialog.cpp">
      <Filter>Generierte Dateien\Release</Filter>
    </ClCompile>
    <ClCompile Include="GeneratedFiles\Debug\moc_UnitTypeInfoDialog.cpp">
      <Filter>Generierte Dateien\Debug</Filter>
    </ClCompile>
    <ClCompile Include="GeneratedFiles\Release\moc_UnitTypeInfoDialog.cpp">
      <Filter>Generierte Dateien\Release</Filter>
    </ClCompile>
    <ClCompile Include="dialogs\CreateNewMapDialog.cpp">
      <Filter>Source Dateien\Dialogs</Filter>
    </ClCompile>
    <ClCompile Include="dialogs\GameTurnDialog.cpp">
      <Filter>Source Dateien\Dialogs</Filter>
    </ClCompile>
    <ClCompile Include="dialogs\HexItemInfoDialog.cpp">
      <Filter>Source Dateien\Dialogs</Filter>
    </ClCompile>
    <ClCompile Include="io\SerializeBinary.cpp">
      <Filter>Source Dateien\IO</Filter>
    </ClCompile>
    <ClCompile Include="io\SerializerFactory.cpp">
      <Filter>Source Dateien\IO</Filter>
    </ClCompile>
    <ClCompile Include="io\SerializeXML.cpp">
      <Filter>Source Dateien\IO</Filter>
    </ClCompile>
    <ClCompile Include="io\SerializeXMLItems.cpp">
      <Filter>Source Dateien\IO</Filter>
    </ClCompile>
    <ClCompile Include="io\SerializerGame.cpp">
      <Filter>Source Dateien\IO</Filter>
    </ClCompile>
    <ClCompile Include="GeneratedFiles\Debug\moc_SerializerGame.cpp">
      <Filter>Generierte Dateien\Debug</Filter>
    </ClCompile>
    <ClCompile Include="GeneratedFiles\Release\moc_SerializerGame.cpp">
      <Filter>Generierte Dateien\Release</Filter>
    </ClCompile>
    <ClCompile Include="..\StandardLibQt\DomElementFinder.cpp">
      <Filter>Source Dateien\StdLibQt</Filter>
    </ClCompile>
    <ClCompile Include="..\StandardLibQt\DomNodeFinder.cpp">
      <Filter>Source Dateien\StdLibQt</Filter>
    </ClCompile>
    <ClCompile Include="..\StandardLibQt\DomNodeListValueExtractor.cpp">
      <Filter>Source Dateien\StdLibQt</Filter>
    </ClCompile>
    <ClCompile Include="..\StandardLibQt\DomValueExtractor.cpp">
      <Filter>Source Dateien\StdLibQt</Filter>
    </ClCompile>
    <ClCompile Include="dialogs\UnitTypeInfoDialog.cpp">
      <Filter>Source Dateien\Dialogs</Filter>
    </ClCompile>
    <ClCompile Include="GeneratedFiles\Debug\moc_UnitTypeInfoDialog.cpp">
      <Filter>Generierte Dateien\Debug</Filter>
    </ClCompile>
    <ClCompile Include="GeneratedFiles\Debug\moc_ConnectorMapHexItem.cpp">
      <Filter>Generierte Dateien\Debug</Filter>
    </ClCompile>
    <ClCompile Include="GeneratedFiles\Release\moc_ConnectorMapHexItem.cpp">
      <Filter>Generierte Dateien\Release</Filter>
    </ClCompile>
    <ClCompile Include="connectors\ConnectorMapHexItem.cpp">
      <Filter>Source Dateien\Connectors</Filter>
    </ClCompile>
    <ClCompile Include="GeneratedFiles\Debug\moc_EditorToolbox.cpp">
      <Filter>Generierte Dateien\Debug</Filter>
    </ClCompile>
    <ClCompile Include="GeneratedFiles\Release\moc_EditorToolbox.cpp">
      <Filter>Generierte Dateien\Release</Filter>
    </ClCompile>
    <ClCompile Include="editors\EditorToolbox.cpp">
      <Filter>Source Dateien\Editor</Filter>
    </ClCompile>
    <ClCompile Include="GeneratedFiles\Debug\moc_TerrainTypeIdSelector.cpp">
      <Filter>Generierte Dateien\Debug</Filter>
    </ClCompile>
    <ClCompile Include="GeneratedFiles\Release\moc_TerrainTypeIdSelector.cpp">
      <Filter>Generierte Dateien\Release</Filter>
    </ClCompile>
    <ClCompile Include="GeneratedFiles\Debug\moc_UnitTypeIdSelector.cpp">
      <Filter>Generierte Dateien\Debug</Filter>
    </ClCompile>
    <ClCompile Include="GeneratedFiles\Release\moc_UnitTypeIdSelector.cpp">
      <Filter>Generierte Dateien\Release</Filter>
    </ClCompile>
    <ClCompile Include="editors\TerrainTypeIdSelector.cpp">
      <Filter>Source Dateien\Editor</Filter>
    </ClCompile>
    <ClCompile Include="editors\UnitTypeIdSelector.cpp">
      <Filter>Source Dateien\Editor</Filter>
    </ClCompile>
    <ClCompile Include="game\GameMapCreatorSaveGame.cpp">
      <Filter>Source Dateien\Game</Filter>
    </ClCompile>
    <ClCompile Include="game\GameMapCreatorSimple.cpp">
      <Filter>Source Dateien\Game</Filter>
    </ClCompile>
    <ClCompile Include="game\GameMapFactory.cpp">
      <Filter>Source Dateien\Game</Filter>
    </ClCompile>
    <ClCompile Include="game\GameMapItem.cpp">
      <Filter>Source Dateien\Game</Filter>
    </ClCompile>
    <ClCompile Include="game\GameMapRepository.cpp">
      <Filter>Source Dateien\Game</Filter>
    </ClCompile>
    <ClCompile Include="game\GameUnitItem.cpp">
      <Filter>Source Dateien\Game</Filter>
    </ClCompile>
    <ClCompile Include="game\GameUnitItemFactory.cpp">
      <Filter>Source Dateien\Game</Filter>
    </ClCompile>
    <ClCompile Include="game\GameUnitItemRepository.cpp">
      <Filter>Source Dateien\Game</Filter>
    </ClCompile>
    <ClCompile Include="game\GameFactory.cpp">
      <Filter>Source Dateien\Game</Filter>
    </ClCompile>
    <ClCompile Include="game\GameConfig.cpp">
      <Filter>Source Dateien\Game</Filter>
    </ClCompile>
    <ClCompile Include="..\StandardLibQt\DomNodeListFinder.cpp">
      <Filter>Source Dateien\StdLibQt</Filter>
    </ClCompile>
    <ClCompile Include="map\MapHexItemRepository.cpp">
      <Filter>Source Dateien\Map</Filter>
    </ClCompile>
    <ClCompile Include="map\MapHexItemFactory.cpp">
      <Filter>Source Dateien\Map</Filter>
    </ClCompile>
    <ClCompile Include="map\MapUnitItemRepository.cpp">
      <Filter>Source Dateien\Map</Filter>
    </ClCompile>
    <ClCompile Include="connectors\ConnectorMapUnitItem.cpp">
      <Filter>Source Dateien\Connectors</Filter>
    </ClCompile>
    <ClCompile Include="GeneratedFiles\Debug\moc_ConnectorMapUnitItem.cpp">
      <Filter>Generierte Dateien\Debug</Filter>
    </ClCompile>
    <ClCompile Include="GeneratedFiles\Release\moc_ConnectorMapUnitItem.cpp">
      <Filter>Generierte Dateien\Release</Filter>
    </ClCompile>
    <ClCompile Include="MapHexItemHexagonData.cpp">
      <Filter>Source Dateien\Map</Filter>
    </ClCompile>
  </ItemGroup>
  <ItemGroup>
    <ClInclude Include="stdafx.h">
      <Filter>Header Dateien</Filter>
    </ClInclude>
    <ClInclude Include="GeneratedFiles\ui_gamedemonstrator.h">
      <Filter>Generierte Dateien</Filter>
    </ClInclude>
    <ClInclude Include="GeneratedFiles\ui_GameTurnDialog.h">
      <Filter>Generierte Dateien</Filter>
    </ClInclude>
    <ClInclude Include="GeneratedFiles\ui_HexItemInfoDialog.h">
      <Filter>Generierte Dateien</Filter>
    </ClInclude>
    <ClInclude Include="..\StandardLibQt\Command.h">
      <Filter>Header Dateien\StdLibQt</Filter>
    </ClInclude>
    <ClInclude Include="..\StandardLibQt\LogFactory.h">
      <Filter>Header Dateien\StdLibQt</Filter>
    </ClInclude>
    <ClInclude Include="..\StandardLibQt\Logger.h">
      <Filter>Header Dateien\StdLibQt</Filter>
    </ClInclude>
    <ClInclude Include="..\StandardLibQt\LoggerCout.h">
      <Filter>Header Dateien\StdLibQt</Filter>
    </ClInclude>
    <ClInclude Include="..\StandardLibQt\LoggerFile.h">
      <Filter>Header Dateien\StdLibQt</Filter>
    </ClInclude>
    <ClInclude Include="..\StandardLibQt\LogLevel.h">
      <Filter>Header Dateien\StdLibQt</Filter>
    </ClInclude>
    <ClInclude Include="..\StandardLibQt\LogMessage.h">
      <Filter>Header Dateien\StdLibQt</Filter>
    </ClInclude>
    <ClInclude Include="GeneratedFiles\ui_CreateNewMapDialog.h">
      <Filter>Generierte Dateien</Filter>
    </ClInclude>
    <ClInclude Include="resource.h">
      <Filter>Resource Dateien</Filter>
    </ClInclude>
    <ClInclude Include="ModelFactory.h">
      <Filter>Header Dateien\Model</Filter>
    </ClInclude>
    <ClInclude Include="Action.h">
      <Filter>Header Dateien</Filter>
    </ClInclude>
    <ClInclude Include="model\ModelOwnerType.h">
      <Filter>Header Dateien\Model</Filter>
    </ClInclude>
    <ClInclude Include="model\ModelOwnerTypeRepository.h">
      <Filter>Header Dateien\Model</Filter>
    </ClInclude>
    <ClInclude Include="model\ModelTerrainTypeRepository.h">
      <Filter>Header Dateien\Model</Filter>
    </ClInclude>
    <ClInclude Include="model\ModelTerrainTypeFactory.h">
      <Filter>Header Dateien\Model</Filter>
    </ClInclude>
    <ClInclude Include="model\ModelTerrainType.h">
      <Filter>Header Dateien\Model</Filter>
    </ClInclude>
    <ClInclude Include="game\GameMainCounter.h">
      <Filter>Header Dateien\Game</Filter>
    </ClInclude>
    <ClInclude Include="game\GameMode.h">
      <Filter>Header Dateien\Game</Filter>
    </ClInclude>
    <ClInclude Include="game\GameModeEditor.h">
      <Filter>Header Dateien\Game</Filter>
    </ClInclude>
    <ClInclude Include="model\ModelTerrainXMLItems.h">
      <Filter>Header Dateien\Model</Filter>
    </ClInclude>
    <ClInclude Include="model\ModelOwnerTypeXMLItems.h">
      <Filter>Header Dateien\Model</Filter>
    </ClInclude>
    <ClInclude Include="model\ModelProgramFactory.h">
      <Filter>Header Dateien\Model</Filter>
    </ClInclude>
    <ClInclude Include="model\ModelConfigurationHeaderXMLItems.h">
      <Filter>Header Dateien\Model</Filter>
    </ClInclude>
    <ClInclude Include="model\ModelUnitType.h">
      <Filter>Header Dateien\Model</Filter>
    </ClInclude>
    <ClInclude Include="model\ModelUnitTypeFactory.h">
      <Filter>Header Dateien\Model</Filter>
    </ClInclude>
    <ClInclude Include="model\ModelUnitTypeXMLItems.h">
      <Filter>Header Dateien\Model</Filter>
    </ClInclude>
    <ClInclude Include="model\ModelUnitTypeRepository.h">
      <Filter>Header Dateien\Model</Filter>
    </ClInclude>
    <ClInclude Include="game\GameModeSinglePlayer.h">
      <Filter>Header Dateien\Game</Filter>
    </ClInclude>
    <ClInclude Include="map\MapUnitItem.h">
      <Filter>Header Dateien\Map</Filter>
    </ClInclude>
    <ClInclude Include="map\MapHexItem.h">
      <Filter>Header Dateien\Map</Filter>
    </ClInclude>
    <ClInclude Include="io\ConfigFileLoader.h">
      <Filter>Header Dateien\IO</Filter>
    </ClInclude>
    <ClInclude Include="map\MapUnitItemFactory.h">
      <Filter>Header Dateien\Map</Filter>
    </ClInclude>
    <ClInclude Include="model\ModelProgramSettingsXMLItems.h">
      <Filter>Header Dateien\Model</Filter>
    </ClInclude>
    <ClInclude Include="model\ModelProgramSettings.h">
      <Filter>Header Dateien\Model</Filter>
    </ClInclude>
    <ClInclude Include="io\ISerializeGameInterface.h">
      <Filter>Header Dateien\IO</Filter>
    </ClInclude>
    <ClInclude Include="io\SerializeBinary.h">
      <Filter>Header Dateien\IO</Filter>
    </ClInclude>
    <ClInclude Include="io\SerializerFactory.h">
      <Filter>Header Dateien\IO</Filter>
    </ClInclude>
    <ClInclude Include="io\SerializeXML.h">
      <Filter>Header Dateien\IO</Filter>
    </ClInclude>
    <ClInclude Include="io\SerializeXMLItems.h">
      <Filter>Header Dateien\IO</Filter>
    </ClInclude>
    <ClInclude Include="..\StandardLibQt\DomElementFinder.h">
      <Filter>Header Dateien\StdLibQt</Filter>
    </ClInclude>
    <ClInclude Include="..\StandardLibQt\DomNodeFinder.h">
      <Filter>Header Dateien\StdLibQt</Filter>
    </ClInclude>
    <ClInclude Include="..\StandardLibQt\DomNodeListValueExtractor.h">
      <Filter>Header Dateien\StdLibQt</Filter>
    </ClInclude>
    <ClInclude Include="..\StandardLibQt\DomValueExtractor.h">
      <Filter>Header Dateien\StdLibQt</Filter>
    </ClInclude>
    <ClInclude Include="game\IGameMapCreator.h">
      <Filter>Header Dateien\Game</Filter>
    </ClInclude>
    <ClInclude Include="game\GameMapCreatorSaveGame.h">
      <Filter>Header Dateien\Game</Filter>
    </ClInclude>
    <ClInclude Include="game\GameMapCreatorSimple.h">
      <Filter>Header Dateien\Game</Filter>
    </ClInclude>
    <ClInclude Include="game\GameMapFactory.h">
      <Filter>Header Dateien\Game</Filter>
    </ClInclude>
    <ClInclude Include="game\GameMapItem.h">
      <Filter>Header Dateien\Game</Filter>
    </ClInclude>
    <ClInclude Include="game\GameMapRepository.h">
      <Filter>Header Dateien\Game</Filter>
    </ClInclude>
    <ClInclude Include="game\GameUnitItem.h">
      <Filter>Header Dateien\Game</Filter>
    </ClInclude>
    <ClInclude Include="game\GameUnitItemFactory.h">
      <Filter>Header Dateien\Game</Filter>
    </ClInclude>
    <ClInclude Include="game\GameUnitItemRepository.h">
      <Filter>Header Dateien\Game</Filter>
    </ClInclude>
    <ClInclude Include="game\GameFactory.h">
      <Filter>Header Dateien\Game</Filter>
    </ClInclude>
    <ClInclude Include="game\GameConfig.h">
      <Filter>Header Dateien\Game</Filter>
    </ClInclude>
    <ClInclude Include="..\StandardLibQt\DomNodeListFinder.h">
      <Filter>Header Dateien\StdLibQt</Filter>
    </ClInclude>
    <ClInclude Include="map\MapHexItemRepository.h">
      <Filter>Header Dateien\Map</Filter>
    </ClInclude>
    <ClInclude Include="map\MapHexItemFactory.h">
      <Filter>Header Dateien\Map</Filter>
    </ClInclude>
    <ClInclude Include="map\MapUnitItemRepository.h">
      <Filter>Header Dateien\Map</Filter>
    </ClInclude>
    <ClInclude Include="MapHexItemHexagonData.h">
      <Filter>Header Dateien\Map</Filter>
    </ClInclude>
  </ItemGroup>
  <ItemGroup>
    <CustomBuild Include="gamedemonstrator.h">
      <Filter>Header Dateien</Filter>
    </CustomBuild>
    <CustomBuild Include="gamedemonstrator.ui">
      <Filter>Form Dateien</Filter>
    </CustomBuild>
    <CustomBuild Include="gamedemonstrator.qrc">
      <Filter>Resource Dateien</Filter>
    </CustomBuild>
    <CustomBuild Include="..\StandardLibQt\LoggerTableWidget.h">
      <Filter>Header Dateien\StdLibQt</Filter>
    </CustomBuild>
    <CustomBuild Include="..\StandardLibQt\LogInterface.h">
      <Filter>Header Dateien\StdLibQt</Filter>
    </CustomBuild>
    <CustomBuild Include="..\StandardLibQt\LogManager.h">
      <Filter>Header Dateien\StdLibQt</Filter>
    </CustomBuild>
    <CustomBuild Include="..\StandardLibQt\LogManagerThread.h">
      <Filter>Header Dateien\StdLibQt</Filter>
    </CustomBuild>
    <CustomBuild Include="..\StandardLibQt\LoggingTableWidget.h">
      <Filter>Header Dateien\StdLibQt</Filter>
    </CustomBuild>
    <CustomBuild Include="model\ModelOwnerTypeFactory.h">
      <Filter>Header Dateien\Model</Filter>
    </CustomBuild>
    <CustomBuild Include="game\GameMainLoop.h">
      <Filter>Header Dateien\Game</Filter>
    </CustomBuild>
    <CustomBuild Include="game\GameMainThread.h">
      <Filter>Header Dateien\Game</Filter>
    </CustomBuild>
    <CustomBuild Include="ActionRepository.h">
      <Filter>Header Dateien</Filter>
    </CustomBuild>
    <CustomBuild Include="connectors\ConnectorLoadCreateGame.h">
      <Filter>Header Dateien\Connectors</Filter>
    </CustomBuild>
    <CustomBuild Include="map\MapGraphicsScene.h">
      <Filter>Header Dateien\Map</Filter>
    </CustomBuild>
    <CustomBuild Include="map\MapView.h">
      <Filter>Header Dateien\Map</Filter>
    </CustomBuild>
    <CustomBuild Include="map\MapEventManager.h">
      <Filter>Header Dateien\Map</Filter>
    </CustomBuild>
    <CustomBuild Include="editors\UnitTypeEditor.h">
      <Filter>Header Dateien\Editor</Filter>
    </CustomBuild>
    <CustomBuild Include="connectors\ConnectorTerrainEditorGameMap.h">
      <Filter>Header Dateien\Connectors</Filter>
    </CustomBuild>
    <CustomBuild Include="connectors\ConnectorUnitTypeGameMap.h">
      <Filter>Header Dateien\Connectors</Filter>
    </CustomBuild>
    <CustomBuild Include="editors\TerrainTypeEditor.h">
      <Filter>Header Dateien\Editor</Filter>
    </CustomBuild>
    <CustomBuild Include="dialogs\CreateNewMapDialog.h">
      <Filter>Header Dateien\Dialogs</Filter>
    </CustomBuild>
    <CustomBuild Include="dialogs\GameTurnDialog.h">
      <Filter>Header Dateien\Dialogs</Filter>
    </CustomBuild>
    <CustomBuild Include="dialogs\HexItemInfoDialog.h">
      <Filter>Header Dateien\Dialogs</Filter>
    </CustomBuild>
    <CustomBuild Include="dialogs\GameTurnDialog.ui">
      <Filter>Form Dateien</Filter>
    </CustomBuild>
    <CustomBuild Include="dialogs\HexItemInfoDialog.ui">
      <Filter>Form Dateien</Filter>
    </CustomBuild>
    <CustomBuild Include="dialogs\UnitTypeInfoDialog.ui">
      <Filter>Form Dateien</Filter>
    </CustomBuild>
    <CustomBuild Include="dialogs\CreateNewMapDialog.ui">
      <Filter>Form Dateien</Filter>
    </CustomBuild>
    <CustomBuild Include="io\SerializerGame.h">
      <Filter>Header Dateien\IO</Filter>
    </CustomBuild>
    <CustomBuild Include="dialogs\UnitTypeInfoDialog.h">
      <Filter>Header Dateien\Dialogs</Filter>
    </CustomBuild>
    <CustomBuild Include="connectors\ConnectorMapHexItem.h">
      <Filter>Header Dateien\Connectors</Filter>
    </CustomBuild>
    <CustomBuild Include="editors\EditorToolbox.h">
      <Filter>Header Dateien\Editor</Filter>
    </CustomBuild>
    <CustomBuild Include="editors\TerrainTypeIdSelector.h">
      <Filter>Header Dateien\Editor</Filter>
    </CustomBuild>
    <CustomBuild Include="editors\UnitTypeIdSelector.h">
      <Filter>Header Dateien\Editor</Filter>
    </CustomBuild>
    <CustomBuild Include="connectors\ConnectorMapUnitItem.h">
      <Filter>Header Dateien\Connectors</Filter>
    </CustomBuild>
  </ItemGroup>
  <ItemGroup>
    <ResourceCompile Include="GameDemonstrator.rc">
      <Filter>Resource Dateien</Filter>
    </ResourceCompile>
  </ItemGroup>
  <ItemGroup>
    <Image Include="GameDemonstrator.ico">
      <Filter>Resource Dateien</Filter>
    </Image>
  </ItemGroup>
  <ItemGroup>
    <None Include="CompleteOverview.cd" />
    <None Include="ClassDiagrams\Editors.cd" />
  </ItemGroup>
  <ItemGroup>
    <Text Include="ReadMe.txt" />
  </ItemGroup>
</Project>