<?xml version="1.0" encoding="utf-8"?>
<Project ToolsVersion="4.0" xmlns="http://schemas.microsoft.com/developer/msbuild/2003">
  <ItemGroup>
    <Filter Include="Source Dateien">
      <UniqueIdentifier>{4FC737F1-C7A5-4376-A066-2A32D752A2FF}</UniqueIdentifier>
      <Extensions>cpp;cxx;c;def</Extensions>
    </Filter>
    <Filter Include="Header Dateien">
      <UniqueIdentifier>{93995380-89BD-4b04-88EB-625FBE52EBFB}</UniqueIdentifier>
      <Extensions>h</Extensions>
    </Filter>
    <Filter Include="Form Dateien">
      <UniqueIdentifier>{99349809-55BA-4b9d-BF79-8FDBB0286EB3}</UniqueIdentifier>
      <Extensions>ui</Extensions>
    </Filter>
    <Filter Include="Resource Dateien">
      <UniqueIdentifier>{D9D6E242-F8AF-46E4-B9FD-80ECBC20BA3E}</UniqueIdentifier>
      <Extensions>qrc;*</Extensions>
      <ParseFiles>false</ParseFiles>
    </Filter>
    <Filter Include="Generierte Dateien">
      <UniqueIdentifier>{71ED8ED8-ACB9-4CE9-BBE1-E00B30144E11}</UniqueIdentifier>
      <Extensions>moc;h;cpp</Extensions>
      <SourceControlFiles>False</SourceControlFiles>
    </Filter>
    <Filter Include="Generierte Dateien\Debug">
      <UniqueIdentifier>{a39d59d3-9643-4ca0-8146-0030625536dc}</UniqueIdentifier>
      <Extensions>cpp;moc</Extensions>
      <SourceControlFiles>False</SourceControlFiles>
    </Filter>
    <Filter Include="Generierte Dateien\Release">
      <UniqueIdentifier>{66a74cab-0e9c-4563-b0a3-5083627d1dd3}</UniqueIdentifier>
      <Extensions>cpp;moc</Extensions>
      <SourceControlFiles>False</SourceControlFiles>
    </Filter>
    <Filter Include="Header Dateien\StdLibQt">
      <UniqueIdentifier>{f3c838d2-bd2d-49b3-91d2-ccb2f89e193f}</UniqueIdentifier>
    </Filter>
    <Filter Include="Source Dateien\StdLibQt">
      <UniqueIdentifier>{7b79b4b7-248c-4f17-b987-c90359527f8d}</UniqueIdentifier>
    </Filter>
    <Filter Include="Header Dateien\UI">
      <UniqueIdentifier>{4f95b992-ddaf-4fb9-94f1-458eb62e6d90}</UniqueIdentifier>
    </Filter>
    <Filter Include="Source Dateien\UI">
      <UniqueIdentifier>{de93a2ae-b661-4c95-ba37-08e35f849c8a}</UniqueIdentifier>
    </Filter>
    <Filter Include="Header Dateien\Editor">
      <UniqueIdentifier>{7a101526-3fad-425b-a4af-4b59007a8f95}</UniqueIdentifier>
    </Filter>
    <Filter Include="Source Dateien\Editor">
      <UniqueIdentifier>{7b7123b8-6374-416a-9670-2ded904c4374}</UniqueIdentifier>
    </Filter>
    <Filter Include="Header Dateien\Model">
      <UniqueIdentifier>{480bdaa4-6721-4246-b568-109ba61435b3}</UniqueIdentifier>
    </Filter>
    <Filter Include="Source Dateien\Model">
      <UniqueIdentifier>{f8f8ca81-e792-4e7e-8b26-9cf8cc769e11}</UniqueIdentifier>
    </Filter>
    <Filter Include="Header Dateien\IO">
      <UniqueIdentifier>{be895a2f-8bd5-4887-a12c-04da0c74a39c}</UniqueIdentifier>
    </Filter>
    <Filter Include="Header Dateien\Utilities">
      <UniqueIdentifier>{c2a2e3a8-36ef-4611-9659-c81d923fc81a}</UniqueIdentifier>
    </Filter>
    <Filter Include="Source Dateien\Utilities">
      <UniqueIdentifier>{e65480fc-38e1-44dc-83a2-57bd92a24dc0}</UniqueIdentifier>
    </Filter>
    <Filter Include="Source Dateien\IO">
      <UniqueIdentifier>{9ad0830e-5ecf-4209-95d7-f0da5c571f37}</UniqueIdentifier>
    </Filter>
  </ItemGroup>
  <ItemGroup>
    <ClCompile Include="stdafx.cpp">
      <Filter>Source Dateien</Filter>
    </ClCompile>
    <ClCompile Include="main.cpp">
      <Filter>Source Dateien</Filter>
    </ClCompile>
    <ClCompile Include="gamedemonstrator.cpp">
      <Filter>Source Dateien</Filter>
    </ClCompile>
    <ClCompile Include="GeneratedFiles\Debug\moc_gamedemonstrator.cpp">
      <Filter>Generierte Dateien\Debug</Filter>
    </ClCompile>
    <ClCompile Include="GeneratedFiles\Release\moc_gamedemonstrator.cpp">
      <Filter>Generierte Dateien\Release</Filter>
    </ClCompile>
    <ClCompile Include="GeneratedFiles\qrc_gamedemonstrator.cpp">
      <Filter>Generierte Dateien</Filter>
    </ClCompile>
    <ClCompile Include="QActionRepository.cpp">
      <Filter>Source Dateien</Filter>
    </ClCompile>
    <ClCompile Include="GeneratedFiles\Debug\moc_QActionRepository.cpp">
      <Filter>Generierte Dateien\Debug</Filter>
    </ClCompile>
    <ClCompile Include="GeneratedFiles\Release\moc_QActionRepository.cpp">
      <Filter>Generierte Dateien\Release</Filter>
    </ClCompile>
    <ClCompile Include="GameMainThread.cpp">
      <Filter>Source Dateien</Filter>
    </ClCompile>
    <ClCompile Include="GeneratedFiles\Debug\moc_GameMainThread.cpp">
      <Filter>Generierte Dateien\Debug</Filter>
    </ClCompile>
    <ClCompile Include="GeneratedFiles\Release\moc_GameMainThread.cpp">
      <Filter>Generierte Dateien\Release</Filter>
    </ClCompile>
    <ClCompile Include="GameMainLoop.cpp">
      <Filter>Source Dateien</Filter>
    </ClCompile>
    <ClCompile Include="GeneratedFiles\Debug\moc_GameMainLoop.cpp">
      <Filter>Generierte Dateien\Debug</Filter>
    </ClCompile>
    <ClCompile Include="GeneratedFiles\Release\moc_GameMainLoop.cpp">
      <Filter>Generierte Dateien\Release</Filter>
    </ClCompile>
    <ClCompile Include="GeneratedFiles\Debug\moc_GameMainCounter.cpp">
      <Filter>Generierte Dateien\Debug</Filter>
    </ClCompile>
    <ClCompile Include="GeneratedFiles\Release\moc_GameMainCounter.cpp">
      <Filter>Generierte Dateien\Release</Filter>
    </ClCompile>
    <ClCompile Include="GameMainCounter.cpp">
      <Filter>Source Dateien</Filter>
    </ClCompile>
    <ClCompile Include="GeneratedFiles\Debug\moc_GameTurnDialog.cpp">
      <Filter>Generierte Dateien\Debug</Filter>
    </ClCompile>
    <ClCompile Include="GeneratedFiles\Release\moc_GameTurnDialog.cpp">
      <Filter>Generierte Dateien\Release</Filter>
    </ClCompile>
    <ClCompile Include="GeneratedFiles\Debug\moc_MapView.cpp">
      <Filter>Generierte Dateien\Debug</Filter>
    </ClCompile>
    <ClCompile Include="GeneratedFiles\Release\moc_MapView.cpp">
      <Filter>Generierte Dateien\Release</Filter>
    </ClCompile>
    <ClCompile Include="GeneratedFiles\Debug\moc_MapViewGraphicsScene.cpp">
      <Filter>Generierte Dateien\Debug</Filter>
    </ClCompile>
    <ClCompile Include="GeneratedFiles\Release\moc_MapViewGraphicsScene.cpp">
      <Filter>Generierte Dateien\Release</Filter>
    </ClCompile>
    <ClCompile Include="GeneratedFiles\Debug\moc_HexItemInfoDialog.cpp">
      <Filter>Generierte Dateien\Debug</Filter>
    </ClCompile>
    <ClCompile Include="GeneratedFiles\Release\moc_HexItemInfoDialog.cpp">
      <Filter>Generierte Dateien\Release</Filter>
    </ClCompile>
    <ClCompile Include="GeneratedFiles\Debug\moc_MapViewHexItem.cpp">
      <Filter>Generierte Dateien\Debug</Filter>
    </ClCompile>
    <ClCompile Include="GeneratedFiles\Release\moc_MapViewHexItem.cpp">
      <Filter>Generierte Dateien\Release</Filter>
    </ClCompile>
    <ClCompile Include="MapEventManager.cpp">
      <Filter>Source Dateien</Filter>
    </ClCompile>
    <ClCompile Include="GeneratedFiles\Debug\moc_MapEventManager.cpp">
      <Filter>Generierte Dateien\Debug</Filter>
    </ClCompile>
    <ClCompile Include="GeneratedFiles\Release\moc_MapEventManager.cpp">
      <Filter>Generierte Dateien\Release</Filter>
    </ClCompile>
    <ClCompile Include="GeneratedFiles\Debug\moc_LoggerTableWidget.cpp">
      <Filter>Generierte Dateien\Debug</Filter>
    </ClCompile>
    <ClCompile Include="GeneratedFiles\Release\moc_LoggerTableWidget.cpp">
      <Filter>Generierte Dateien\Release</Filter>
    </ClCompile>
    <ClCompile Include="GeneratedFiles\Debug\moc_LogInterface.cpp">
      <Filter>Generierte Dateien\Debug</Filter>
    </ClCompile>
    <ClCompile Include="GeneratedFiles\Release\moc_LogInterface.cpp">
      <Filter>Generierte Dateien\Release</Filter>
    </ClCompile>
    <ClCompile Include="GeneratedFiles\Debug\moc_LogManager.cpp">
      <Filter>Generierte Dateien\Debug</Filter>
    </ClCompile>
    <ClCompile Include="GeneratedFiles\Release\moc_LogManager.cpp">
      <Filter>Generierte Dateien\Release</Filter>
    </ClCompile>
    <ClCompile Include="GeneratedFiles\Debug\moc_LogManagerThread.cpp">
      <Filter>Generierte Dateien\Debug</Filter>
    </ClCompile>
    <ClCompile Include="GeneratedFiles\Release\moc_LogManagerThread.cpp">
      <Filter>Generierte Dateien\Release</Filter>
    </ClCompile>
    <ClCompile Include="..\StandardLibQt\Command.cpp">
      <Filter>Source Dateien\StdLibQt</Filter>
    </ClCompile>
    <ClCompile Include="..\StandardLibQt\LogFactory.cpp">
      <Filter>Source Dateien\StdLibQt</Filter>
    </ClCompile>
    <ClCompile Include="..\StandardLibQt\Logger.cpp">
      <Filter>Source Dateien\StdLibQt</Filter>
    </ClCompile>
    <ClCompile Include="..\StandardLibQt\LoggerCout.cpp">
      <Filter>Source Dateien\StdLibQt</Filter>
    </ClCompile>
    <ClCompile Include="..\StandardLibQt\LoggerFile.cpp">
      <Filter>Source Dateien\StdLibQt</Filter>
    </ClCompile>
    <ClCompile Include="..\StandardLibQt\LoggerTableWidget.cpp">
      <Filter>Source Dateien\StdLibQt</Filter>
    </ClCompile>
    <ClCompile Include="..\StandardLibQt\LogInterface.cpp">
      <Filter>Source Dateien\StdLibQt</Filter>
    </ClCompile>
    <ClCompile Include="..\StandardLibQt\LogLevel.cpp">
      <Filter>Source Dateien\StdLibQt</Filter>
    </ClCompile>
    <ClCompile Include="..\StandardLibQt\LogManager.cpp">
      <Filter>Source Dateien\StdLibQt</Filter>
    </ClCompile>
    <ClCompile Include="..\StandardLibQt\LogManagerThread.cpp">
      <Filter>Source Dateien\StdLibQt</Filter>
    </ClCompile>
    <ClCompile Include="..\StandardLibQt\LogMessage.cpp">
      <Filter>Source Dateien\StdLibQt</Filter>
    </ClCompile>
    <ClCompile Include="GeneratedFiles\Debug\moc_LoggingTableWidget.cpp">
      <Filter>Generierte Dateien\Debug</Filter>
    </ClCompile>
    <ClCompile Include="GeneratedFiles\Release\moc_LoggingTableWidget.cpp">
      <Filter>Generierte Dateien\Release</Filter>
    </ClCompile>
    <ClCompile Include="..\StandardLibQt\LoggingTableWidget.cpp">
      <Filter>Source Dateien\StdLibQt</Filter>
    </ClCompile>
    <ClCompile Include="TerrainType.cpp">
      <Filter>Source Dateien</Filter>
    </ClCompile>
    <ClCompile Include="TerrainTypeFactory.cpp">
      <Filter>Source Dateien</Filter>
    </ClCompile>
    <ClCompile Include="TerrainTypeRepository.cpp">
      <Filter>Source Dateien</Filter>
    </ClCompile>
    <ClCompile Include="CreateNewMap.cpp">
      <Filter>Source Dateien</Filter>
    </ClCompile>
    <ClCompile Include="GeneratedFiles\Debug\moc_CreateNewMap.cpp">
      <Filter>Generierte Dateien\Debug</Filter>
    </ClCompile>
    <ClCompile Include="GeneratedFiles\Release\moc_CreateNewMap.cpp">
      <Filter>Generierte Dateien\Release</Filter>
    </ClCompile>
    <ClCompile Include="GeneratedFiles\Debug\moc_CreateNewMapDialog.cpp">
      <Filter>Generierte Dateien\Debug</Filter>
    </ClCompile>
    <ClCompile Include="GeneratedFiles\Release\moc_CreateNewMapDialog.cpp">
      <Filter>Generierte Dateien\Release</Filter>
    </ClCompile>
    <ClCompile Include="MapFactory.cpp">
      <Filter>Source Dateien</Filter>
    </ClCompile>
    <ClCompile Include="GameMode.cpp">
      <Filter>Source Dateien</Filter>
    </ClCompile>
    <ClCompile Include="GameModeEditor.cpp">
      <Filter>Source Dateien</Filter>
    </ClCompile>
    <ClCompile Include="GameModeStandard.cpp">
      <Filter>Source Dateien</Filter>
    </ClCompile>
    <ClCompile Include="GeneratedFiles\Debug\moc_EditorToolbox.cpp">
      <Filter>Generierte Dateien\Debug</Filter>
    </ClCompile>
    <ClCompile Include="GeneratedFiles\Release\moc_EditorToolbox.cpp">
      <Filter>Generierte Dateien\Release</Filter>
    </ClCompile>
    <ClCompile Include="GeneratedFiles\Debug\moc_TerrainTypeEditor.cpp">
      <Filter>Generierte Dateien\Debug</Filter>
    </ClCompile>
    <ClCompile Include="GeneratedFiles\Release\moc_TerrainTypeEditor.cpp">
      <Filter>Generierte Dateien\Release</Filter>
    </ClCompile>
    <ClCompile Include="TerrainTypeEditor.cpp">
      <Filter>Source Dateien\Editor</Filter>
    </ClCompile>
    <ClCompile Include="HexItemInfoDialog.cpp">
      <Filter>Source Dateien\UI</Filter>
    </ClCompile>
    <ClCompile Include="GameTurnDialog.cpp">
      <Filter>Source Dateien\UI</Filter>
    </ClCompile>
    <ClCompile Include="CreateNewMapDialog.cpp">
      <Filter>Source Dateien\UI</Filter>
    </ClCompile>
    <ClCompile Include="MapViewGraphicsScene.cpp">
      <Filter>Source Dateien\UI</Filter>
    </ClCompile>
    <ClCompile Include="MapViewHexItem.cpp">
      <Filter>Source Dateien\UI</Filter>
    </ClCompile>
    <ClCompile Include="MapView.cpp">
      <Filter>Source Dateien\UI</Filter>
    </ClCompile>
    <ClCompile Include="model\Map.cpp">
      <Filter>Source Dateien\Model</Filter>
    </ClCompile>
    <ClCompile Include="model\MapItem.cpp">
      <Filter>Source Dateien\Model</Filter>
    </ClCompile>
    <ClCompile Include="ModelFactory.cpp">
      <Filter>Source Dateien\Model</Filter>
    </ClCompile>
    <ClCompile Include="GameFactory.cpp">
      <Filter>Source Dateien</Filter>
    </ClCompile>
    <ClCompile Include="GameInitialisationData.cpp">
      <Filter>Source Dateien\Model</Filter>
    </ClCompile>
    <ClCompile Include="OwnerType.cpp">
      <Filter>Source Dateien</Filter>
    </ClCompile>
    <ClCompile Include="OwnerTypeFactory.cpp">
      <Filter>Source Dateien</Filter>
    </ClCompile>
    <ClCompile Include="GeneratedFiles\Debug\moc_OwnerTypeFactory.cpp">
      <Filter>Generierte Dateien\Debug</Filter>
    </ClCompile>
    <ClCompile Include="GeneratedFiles\Release\moc_OwnerTypeFactory.cpp">
      <Filter>Generierte Dateien\Release</Filter>
    </ClCompile>
    <ClCompile Include="XMLTools.cpp">
      <Filter>Source Dateien\Utilities</Filter>
    </ClCompile>
    <ClCompile Include="OwnerTypeRepository.cpp">
      <Filter>Source Dateien</Filter>
    </ClCompile>
    <ClCompile Include="EditorToolbox.cpp">
      <Filter>Source Dateien\Editor</Filter>
    </ClCompile>
    <ClCompile Include="SaveBinary.cpp">
      <Filter>Source Dateien\IO</Filter>
    </ClCompile>
    <ClCompile Include="SerializerInterface.cpp">
      <Filter>Source Dateien\IO</Filter>
    </ClCompile>
    <ClCompile Include="SerializerFactory.cpp">
      <Filter>Source Dateien\IO</Filter>
    </ClCompile>
    <ClCompile Include="Action.cpp">
      <Filter>Source Dateien</Filter>
    </ClCompile>
    <ClCompile Include="GeneratedFiles\Debug\moc_SerializerInterface.cpp">
      <Filter>Generierte Dateien\Debug</Filter>
    </ClCompile>
    <ClCompile Include="GeneratedFiles\Release\moc_SerializerInterface.cpp">
      <Filter>Generierte Dateien\Release</Filter>
    </ClCompile>
  </ItemGroup>
  <ItemGroup>
    <ClInclude Include="stdafx.h">
      <Filter>Header Dateien</Filter>
    </ClInclude>
    <ClInclude Include="GeneratedFiles\ui_gamedemonstrator.h">
      <Filter>Generierte Dateien</Filter>
    </ClInclude>
    <ClInclude Include="GeneratedFiles\ui_GameTurnDialog.h">
      <Filter>Generierte Dateien</Filter>
    </ClInclude>
    <ClInclude Include="GeneratedFiles\ui_HexItemInfoDialog.h">
      <Filter>Generierte Dateien</Filter>
    </ClInclude>
    <ClInclude Include="..\StandardLibQt\Command.h">
      <Filter>Header Dateien\StdLibQt</Filter>
    </ClInclude>
    <ClInclude Include="..\StandardLibQt\LogFactory.h">
      <Filter>Header Dateien\StdLibQt</Filter>
    </ClInclude>
    <ClInclude Include="..\StandardLibQt\Logger.h">
      <Filter>Header Dateien\StdLibQt</Filter>
    </ClInclude>
    <ClInclude Include="..\StandardLibQt\LoggerCout.h">
      <Filter>Header Dateien\StdLibQt</Filter>
    </ClInclude>
    <ClInclude Include="..\StandardLibQt\LoggerFile.h">
      <Filter>Header Dateien\StdLibQt</Filter>
    </ClInclude>
    <ClInclude Include="..\StandardLibQt\LogLevel.h">
      <Filter>Header Dateien\StdLibQt</Filter>
    </ClInclude>
    <ClInclude Include="..\StandardLibQt\LogMessage.h">
      <Filter>Header Dateien\StdLibQt</Filter>
    </ClInclude>
    <ClInclude Include="TerrainType.h">
      <Filter>Header Dateien</Filter>
    </ClInclude>
    <ClInclude Include="TerrainTypeFactory.h">
      <Filter>Header Dateien</Filter>
    </ClInclude>
    <ClInclude Include="TerrainTypeRepository.h">
      <Filter>Header Dateien</Filter>
    </ClInclude>
    <ClInclude Include="GeneratedFiles\ui_CreateNewMapDialog.h">
      <Filter>Generierte Dateien</Filter>
    </ClInclude>
    <ClInclude Include="MapFactory.h">
      <Filter>Header Dateien</Filter>
    </ClInclude>
    <ClInclude Include="GameMode.h">
      <Filter>Header Dateien</Filter>
    </ClInclude>
    <ClInclude Include="GameModeEditor.h">
      <Filter>Header Dateien</Filter>
    </ClInclude>
    <ClInclude Include="GameModeStandard.h">
      <Filter>Header Dateien</Filter>
    </ClInclude>
    <ClInclude Include="resource.h">
      <Filter>Resource Dateien</Filter>
    </ClInclude>
    <ClInclude Include="model\MapItem.h">
      <Filter>Header Dateien\Model</Filter>
    </ClInclude>
    <ClInclude Include="model\Map.h">
      <Filter>Header Dateien\Model</Filter>
    </ClInclude>
    <ClInclude Include="ModelFactory.h">
      <Filter>Header Dateien\Model</Filter>
    </ClInclude>
    <ClInclude Include="GameInitialisationData.h">
      <Filter>Header Dateien\Model</Filter>
    </ClInclude>
    <ClInclude Include="GameFactory.h">
      <Filter>Header Dateien\Model</Filter>
    </ClInclude>
    <ClInclude Include="SaveBinary.h">
      <Filter>Header Dateien\IO</Filter>
    </ClInclude>
    <ClInclude Include="OwnerType.h">
      <Filter>Header Dateien</Filter>
    </ClInclude>
    <ClInclude Include="XMLTools.h">
      <Filter>Header Dateien\Utilities</Filter>
    </ClInclude>
    <ClInclude Include="OwnerTypeRepository.h">
      <Filter>Header Dateien</Filter>
    </ClInclude>
    <ClInclude Include="SerializerFactory.h">
      <Filter>Header Dateien\IO</Filter>
    </ClInclude>
    <ClInclude Include="Action.h">
      <Filter>Header Dateien</Filter>
    </ClInclude>
  </ItemGroup>
  <ItemGroup>
    <CustomBuild Include="gamedemonstrator.h">
      <Filter>Header Dateien</Filter>
    </CustomBuild>
    <CustomBuild Include="gamedemonstrator.ui">
      <Filter>Form Dateien</Filter>
    </CustomBuild>
    <CustomBuild Include="gamedemonstrator.qrc">
      <Filter>Resource Dateien</Filter>
    </CustomBuild>
    <CustomBuild Include="QActionRepository.h">
      <Filter>Header Dateien</Filter>
    </CustomBuild>
    <CustomBuild Include="GameMainThread.h">
      <Filter>Header Dateien</Filter>
    </CustomBuild>
    <CustomBuild Include="GameMainLoop.h">
      <Filter>Header Dateien</Filter>
    </CustomBuild>
    <CustomBuild Include="GameMainCounter.h">
      <Filter>Header Dateien</Filter>
    </CustomBuild>
    <CustomBuild Include="GameTurnDialog.ui">
      <Filter>Form Dateien</Filter>
    </CustomBuild>
    <CustomBuild Include="HexItemInfoDialog.ui">
      <Filter>Form Dateien</Filter>
    </CustomBuild>
    <CustomBuild Include="MapEventManager.h">
      <Filter>Header Dateien</Filter>
    </CustomBuild>
    <CustomBuild Include="..\StandardLibQt\LoggerTableWidget.h">
      <Filter>Header Dateien\StdLibQt</Filter>
    </CustomBuild>
    <CustomBuild Include="..\StandardLibQt\LogInterface.h">
      <Filter>Header Dateien\StdLibQt</Filter>
    </CustomBuild>
    <CustomBuild Include="..\StandardLibQt\LogManager.h">
      <Filter>Header Dateien\StdLibQt</Filter>
    </CustomBuild>
    <CustomBuild Include="..\StandardLibQt\LogManagerThread.h">
      <Filter>Header Dateien\StdLibQt</Filter>
    </CustomBuild>
    <CustomBuild Include="..\StandardLibQt\LoggingTableWidget.h">
      <Filter>Header Dateien\StdLibQt</Filter>
    </CustomBuild>
    <CustomBuild Include="CreateNewMapDialog.ui">
      <Filter>Form Dateien</Filter>
    </CustomBuild>
    <CustomBuild Include="TerrainTypeEditor.h">
      <Filter>Header Dateien\Editor</Filter>
    </CustomBuild>
    <CustomBuild Include="HexItemInfoDialog.h">
      <Filter>Header Dateien\UI</Filter>
    </CustomBuild>
    <CustomBuild Include="GameTurnDialog.h">
      <Filter>Header Dateien\UI</Filter>
    </CustomBuild>
    <CustomBuild Include="CreateNewMapDialog.h">
      <Filter>Header Dateien\UI</Filter>
    </CustomBuild>
    <CustomBuild Include="MapViewGraphicsScene.h">
      <Filter>Header Dateien\UI</Filter>
    </CustomBuild>
    <CustomBuild Include="MapView.h">
      <Filter>Header Dateien\UI</Filter>
    </CustomBuild>
    <CustomBuild Include="MapViewHexItem.h">
      <Filter>Header Dateien\UI</Filter>
    </CustomBuild>
    <CustomBuild Include="CreateNewMap.h">
      <Filter>Header Dateien\Model</Filter>
    </CustomBuild>
    <CustomBuild Include="OwnerTypeFactory.h">
      <Filter>Header Dateien</Filter>
    </CustomBuild>
    <CustomBuild Include="EditorToolbox.h">
      <Filter>Header Dateien\Editor</Filter>
    </CustomBuild>
    <CustomBuild Include="SerializerInterface.h">
      <Filter>Header Dateien\IO</Filter>
    </CustomBuild>
  </ItemGroup>
  <ItemGroup>
    <ResourceCompile Include="GameDemonstrator.rc">
      <Filter>Resource Dateien</Filter>
    </ResourceCompile>
  </ItemGroup>
  <ItemGroup>
    <Image Include="GameDemonstrator.ico">
      <Filter>Resource Dateien</Filter>
    </Image>
  </ItemGroup>
  <ItemGroup>
    <None Include="ClassDiagram1.cd" />
  </ItemGroup>
</Project>