<?xml version="1.0" encoding="utf-8"?>
<Project ToolsVersion="4.0" xmlns="http://schemas.microsoft.com/developer/msbuild/2003">
  <ItemGroup>
    <Filter Include="Source Dateien">
      <UniqueIdentifier>{4FC737F1-C7A5-4376-A066-2A32D752A2FF}</UniqueIdentifier>
      <Extensions>cpp;cxx;c;def</Extensions>
    </Filter>
    <Filter Include="Header Dateien">
      <UniqueIdentifier>{93995380-89BD-4b04-88EB-625FBE52EBFB}</UniqueIdentifier>
      <Extensions>h</Extensions>
    </Filter>
    <Filter Include="Form Dateien">
      <UniqueIdentifier>{99349809-55BA-4b9d-BF79-8FDBB0286EB3}</UniqueIdentifier>
      <Extensions>ui</Extensions>
    </Filter>
    <Filter Include="Resource Dateien">
      <UniqueIdentifier>{D9D6E242-F8AF-46E4-B9FD-80ECBC20BA3E}</UniqueIdentifier>
      <Extensions>qrc;*</Extensions>
      <ParseFiles>false</ParseFiles>
    </Filter>
    <Filter Include="Generierte Dateien">
      <UniqueIdentifier>{71ED8ED8-ACB9-4CE9-BBE1-E00B30144E11}</UniqueIdentifier>
      <Extensions>moc;h;cpp</Extensions>
      <SourceControlFiles>False</SourceControlFiles>
    </Filter>
    <Filter Include="Generierte Dateien\Debug">
      <UniqueIdentifier>{a39d59d3-9643-4ca0-8146-0030625536dc}</UniqueIdentifier>
      <Extensions>cpp;moc</Extensions>
      <SourceControlFiles>False</SourceControlFiles>
    </Filter>
    <Filter Include="Generierte Dateien\Release">
      <UniqueIdentifier>{66a74cab-0e9c-4563-b0a3-5083627d1dd3}</UniqueIdentifier>
      <Extensions>cpp;moc</Extensions>
      <SourceControlFiles>False</SourceControlFiles>
    </Filter>
    <Filter Include="Header Dateien\StdLibQt">
      <UniqueIdentifier>{f3c838d2-bd2d-49b3-91d2-ccb2f89e193f}</UniqueIdentifier>
    </Filter>
    <Filter Include="Source Dateien\StdLibQt">
      <UniqueIdentifier>{7b79b4b7-248c-4f17-b987-c90359527f8d}</UniqueIdentifier>
    </Filter>
    <Filter Include="Header Dateien\UI">
      <UniqueIdentifier>{4f95b992-ddaf-4fb9-94f1-458eb62e6d90}</UniqueIdentifier>
    </Filter>
    <Filter Include="Source Dateien\UI">
      <UniqueIdentifier>{de93a2ae-b661-4c95-ba37-08e35f849c8a}</UniqueIdentifier>
    </Filter>
    <Filter Include="Header Dateien\Editor">
      <UniqueIdentifier>{7a101526-3fad-425b-a4af-4b59007a8f95}</UniqueIdentifier>
    </Filter>
    <Filter Include="Source Dateien\Editor">
      <UniqueIdentifier>{7b7123b8-6374-416a-9670-2ded904c4374}</UniqueIdentifier>
    </Filter>
    <Filter Include="Header Dateien\Model">
      <UniqueIdentifier>{480bdaa4-6721-4246-b568-109ba61435b3}</UniqueIdentifier>
    </Filter>
    <Filter Include="Source Dateien\Model">
      <UniqueIdentifier>{f8f8ca81-e792-4e7e-8b26-9cf8cc769e11}</UniqueIdentifier>
    </Filter>
    <Filter Include="Header Dateien\IO">
      <UniqueIdentifier>{be895a2f-8bd5-4887-a12c-04da0c74a39c}</UniqueIdentifier>
    </Filter>
    <Filter Include="Header Dateien\Utilities">
      <UniqueIdentifier>{c2a2e3a8-36ef-4611-9659-c81d923fc81a}</UniqueIdentifier>
    </Filter>
    <Filter Include="Source Dateien\Utilities">
      <UniqueIdentifier>{e65480fc-38e1-44dc-83a2-57bd92a24dc0}</UniqueIdentifier>
    </Filter>
    <Filter Include="Source Dateien\IO">
      <UniqueIdentifier>{9ad0830e-5ecf-4209-95d7-f0da5c571f37}</UniqueIdentifier>
    </Filter>
    <Filter Include="Source Dateien\Game">
      <UniqueIdentifier>{193580ec-78a7-4a6d-891f-fbb9c9f2cdac}</UniqueIdentifier>
    </Filter>
    <Filter Include="Header Dateien\Game">
      <UniqueIdentifier>{6c2f3ced-d2b0-4d43-947b-a8e622927f7e}</UniqueIdentifier>
    </Filter>
    <Filter Include="Header Dateien\Connectors">
      <UniqueIdentifier>{8293fe19-f006-46c6-86ac-0bba7fed9d7b}</UniqueIdentifier>
    </Filter>
    <Filter Include="Source Dateien\Connectors">
      <UniqueIdentifier>{a3bcf715-24d3-4464-86de-be2beeb986d5}</UniqueIdentifier>
    </Filter>
  </ItemGroup>
  <ItemGroup>
    <ClCompile Include="stdafx.cpp">
      <Filter>Source Dateien</Filter>
    </ClCompile>
    <ClCompile Include="main.cpp">
      <Filter>Source Dateien</Filter>
    </ClCompile>
    <ClCompile Include="gamedemonstrator.cpp">
      <Filter>Source Dateien</Filter>
    </ClCompile>
    <ClCompile Include="GeneratedFiles\Debug\moc_gamedemonstrator.cpp">
      <Filter>Generierte Dateien\Debug</Filter>
    </ClCompile>
    <ClCompile Include="GeneratedFiles\Release\moc_gamedemonstrator.cpp">
      <Filter>Generierte Dateien\Release</Filter>
    </ClCompile>
    <ClCompile Include="GeneratedFiles\qrc_gamedemonstrator.cpp">
      <Filter>Generierte Dateien</Filter>
    </ClCompile>
    <ClCompile Include="QActionRepository.cpp">
      <Filter>Source Dateien</Filter>
    </ClCompile>
    <ClCompile Include="GeneratedFiles\Debug\moc_QActionRepository.cpp">
      <Filter>Generierte Dateien\Debug</Filter>
    </ClCompile>
    <ClCompile Include="GeneratedFiles\Release\moc_QActionRepository.cpp">
      <Filter>Generierte Dateien\Release</Filter>
    </ClCompile>
    <ClCompile Include="GeneratedFiles\Debug\moc_GameTurnDialog.cpp">
      <Filter>Generierte Dateien\Debug</Filter>
    </ClCompile>
    <ClCompile Include="GeneratedFiles\Release\moc_GameTurnDialog.cpp">
      <Filter>Generierte Dateien\Release</Filter>
    </ClCompile>
    <ClCompile Include="GeneratedFiles\Debug\moc_MapView.cpp">
      <Filter>Generierte Dateien\Debug</Filter>
    </ClCompile>
    <ClCompile Include="GeneratedFiles\Release\moc_MapView.cpp">
      <Filter>Generierte Dateien\Release</Filter>
    </ClCompile>
    <ClCompile Include="GeneratedFiles\Debug\moc_MapViewGraphicsScene.cpp">
      <Filter>Generierte Dateien\Debug</Filter>
    </ClCompile>
    <ClCompile Include="GeneratedFiles\Release\moc_MapViewGraphicsScene.cpp">
      <Filter>Generierte Dateien\Release</Filter>
    </ClCompile>
    <ClCompile Include="GeneratedFiles\Debug\moc_HexItemInfoDialog.cpp">
      <Filter>Generierte Dateien\Debug</Filter>
    </ClCompile>
    <ClCompile Include="GeneratedFiles\Release\moc_HexItemInfoDialog.cpp">
      <Filter>Generierte Dateien\Release</Filter>
    </ClCompile>
    <ClCompile Include="MapEventManager.cpp">
      <Filter>Source Dateien</Filter>
    </ClCompile>
    <ClCompile Include="GeneratedFiles\Debug\moc_MapEventManager.cpp">
      <Filter>Generierte Dateien\Debug</Filter>
    </ClCompile>
    <ClCompile Include="GeneratedFiles\Release\moc_MapEventManager.cpp">
      <Filter>Generierte Dateien\Release</Filter>
    </ClCompile>
    <ClCompile Include="GeneratedFiles\Debug\moc_LoggerTableWidget.cpp">
      <Filter>Generierte Dateien\Debug</Filter>
    </ClCompile>
    <ClCompile Include="GeneratedFiles\Release\moc_LoggerTableWidget.cpp">
      <Filter>Generierte Dateien\Release</Filter>
    </ClCompile>
    <ClCompile Include="GeneratedFiles\Debug\moc_LogInterface.cpp">
      <Filter>Generierte Dateien\Debug</Filter>
    </ClCompile>
    <ClCompile Include="GeneratedFiles\Release\moc_LogInterface.cpp">
      <Filter>Generierte Dateien\Release</Filter>
    </ClCompile>
    <ClCompile Include="GeneratedFiles\Debug\moc_LogManager.cpp">
      <Filter>Generierte Dateien\Debug</Filter>
    </ClCompile>
    <ClCompile Include="GeneratedFiles\Release\moc_LogManager.cpp">
      <Filter>Generierte Dateien\Release</Filter>
    </ClCompile>
    <ClCompile Include="GeneratedFiles\Debug\moc_LogManagerThread.cpp">
      <Filter>Generierte Dateien\Debug</Filter>
    </ClCompile>
    <ClCompile Include="GeneratedFiles\Release\moc_LogManagerThread.cpp">
      <Filter>Generierte Dateien\Release</Filter>
    </ClCompile>
    <ClCompile Include="..\StandardLibQt\Command.cpp">
      <Filter>Source Dateien\StdLibQt</Filter>
    </ClCompile>
    <ClCompile Include="..\StandardLibQt\LogFactory.cpp">
      <Filter>Source Dateien\StdLibQt</Filter>
    </ClCompile>
    <ClCompile Include="..\StandardLibQt\Logger.cpp">
      <Filter>Source Dateien\StdLibQt</Filter>
    </ClCompile>
    <ClCompile Include="..\StandardLibQt\LoggerCout.cpp">
      <Filter>Source Dateien\StdLibQt</Filter>
    </ClCompile>
    <ClCompile Include="..\StandardLibQt\LoggerFile.cpp">
      <Filter>Source Dateien\StdLibQt</Filter>
    </ClCompile>
    <ClCompile Include="..\StandardLibQt\LoggerTableWidget.cpp">
      <Filter>Source Dateien\StdLibQt</Filter>
    </ClCompile>
    <ClCompile Include="..\StandardLibQt\LogInterface.cpp">
      <Filter>Source Dateien\StdLibQt</Filter>
    </ClCompile>
    <ClCompile Include="..\StandardLibQt\LogLevel.cpp">
      <Filter>Source Dateien\StdLibQt</Filter>
    </ClCompile>
    <ClCompile Include="..\StandardLibQt\LogManager.cpp">
      <Filter>Source Dateien\StdLibQt</Filter>
    </ClCompile>
    <ClCompile Include="..\StandardLibQt\LogManagerThread.cpp">
      <Filter>Source Dateien\StdLibQt</Filter>
    </ClCompile>
    <ClCompile Include="..\StandardLibQt\LogMessage.cpp">
      <Filter>Source Dateien\StdLibQt</Filter>
    </ClCompile>
    <ClCompile Include="GeneratedFiles\Debug\moc_LoggingTableWidget.cpp">
      <Filter>Generierte Dateien\Debug</Filter>
    </ClCompile>
    <ClCompile Include="GeneratedFiles\Release\moc_LoggingTableWidget.cpp">
      <Filter>Generierte Dateien\Release</Filter>
    </ClCompile>
    <ClCompile Include="..\StandardLibQt\LoggingTableWidget.cpp">
      <Filter>Source Dateien\StdLibQt</Filter>
    </ClCompile>
    <ClCompile Include="GeneratedFiles\Debug\moc_CreateNewMapDialog.cpp">
      <Filter>Generierte Dateien\Debug</Filter>
    </ClCompile>
    <ClCompile Include="GeneratedFiles\Release\moc_CreateNewMapDialog.cpp">
      <Filter>Generierte Dateien\Release</Filter>
    </ClCompile>
    <ClCompile Include="GeneratedFiles\Debug\moc_EditorToolbox.cpp">
      <Filter>Generierte Dateien\Debug</Filter>
    </ClCompile>
    <ClCompile Include="GeneratedFiles\Release\moc_EditorToolbox.cpp">
      <Filter>Generierte Dateien\Release</Filter>
    </ClCompile>
    <ClCompile Include="GeneratedFiles\Debug\moc_TerrainTypeEditor.cpp">
      <Filter>Generierte Dateien\Debug</Filter>
    </ClCompile>
    <ClCompile Include="GeneratedFiles\Release\moc_TerrainTypeEditor.cpp">
      <Filter>Generierte Dateien\Release</Filter>
    </ClCompile>
    <ClCompile Include="TerrainTypeEditor.cpp">
      <Filter>Source Dateien\Editor</Filter>
    </ClCompile>
    <ClCompile Include="HexItemInfoDialog.cpp">
      <Filter>Source Dateien\UI</Filter>
    </ClCompile>
    <ClCompile Include="GameTurnDialog.cpp">
      <Filter>Source Dateien\UI</Filter>
    </ClCompile>
    <ClCompile Include="CreateNewMapDialog.cpp">
      <Filter>Source Dateien\UI</Filter>
    </ClCompile>
    <ClCompile Include="MapViewGraphicsScene.cpp">
      <Filter>Source Dateien\UI</Filter>
    </ClCompile>
    <ClCompile Include="MapViewHexItem.cpp">
      <Filter>Source Dateien\UI</Filter>
    </ClCompile>
    <ClCompile Include="MapView.cpp">
      <Filter>Source Dateien\UI</Filter>
    </ClCompile>
    <ClCompile Include="ModelFactory.cpp">
      <Filter>Source Dateien\Model</Filter>
    </ClCompile>
    <ClCompile Include="EditorToolbox.cpp">
      <Filter>Source Dateien\Editor</Filter>
    </ClCompile>
    <ClCompile Include="SerializerInterface.cpp">
      <Filter>Source Dateien\IO</Filter>
    </ClCompile>
    <ClCompile Include="SerializerFactory.cpp">
      <Filter>Source Dateien\IO</Filter>
    </ClCompile>
    <ClCompile Include="Action.cpp">
      <Filter>Source Dateien</Filter>
    </ClCompile>
    <ClCompile Include="GeneratedFiles\Debug\moc_SerializerInterface.cpp">
      <Filter>Generierte Dateien\Debug</Filter>
    </ClCompile>
    <ClCompile Include="GeneratedFiles\Release\moc_SerializerInterface.cpp">
      <Filter>Generierte Dateien\Release</Filter>
    </ClCompile>
    <ClCompile Include="GeneratedFiles\Debug\moc_HexItemEventManager.cpp">
      <Filter>Generierte Dateien\Debug</Filter>
    </ClCompile>
    <ClCompile Include="GeneratedFiles\Release\moc_HexItemEventManager.cpp">
      <Filter>Generierte Dateien\Release</Filter>
    </ClCompile>
    <ClCompile Include="HexagonData.cpp">
      <Filter>Source Dateien\UI</Filter>
    </ClCompile>
    <ClCompile Include="HexItemEventManager.cpp">
      <Filter>Source Dateien\UI</Filter>
    </ClCompile>
    <ClCompile Include="model\ModelMapConfig.cpp">
      <Filter>Source Dateien\Model</Filter>
    </ClCompile>
    <ClCompile Include="model\ModelMapItem.cpp">
      <Filter>Source Dateien\Model</Filter>
    </ClCompile>
    <ClCompile Include="model\ModelOwnerTypeFactory.cpp">
      <Filter>Source Dateien\Model</Filter>
    </ClCompile>
    <ClCompile Include="model\ModelOwnerTypeRepository.cpp">
      <Filter>Source Dateien\Model</Filter>
    </ClCompile>
    <ClCompile Include="model\ModelTerrainTypeRepository.cpp">
      <Filter>Source Dateien\Model</Filter>
    </ClCompile>
    <ClCompile Include="model\ModelTerrainTypeFactory.cpp">
      <Filter>Source Dateien\Model</Filter>
    </ClCompile>
    <ClCompile Include="model\ModelTerrainType.cpp">
      <Filter>Source Dateien\Model</Filter>
    </ClCompile>
    <ClCompile Include="model\ModelOwnerType.cpp">
      <Filter>Source Dateien\Model</Filter>
    </ClCompile>
    <ClCompile Include="DomElementFinder.cpp">
      <Filter>Source Dateien\Utilities</Filter>
    </ClCompile>
    <ClCompile Include="DomValueExtractor.cpp">
      <Filter>Source Dateien\Utilities</Filter>
    </ClCompile>
    <ClCompile Include="model\ModelMapRepository.cpp">
      <Filter>Source Dateien\Model</Filter>
    </ClCompile>
    <ClCompile Include="model\ModelMapFactory.cpp">
      <Filter>Source Dateien\Model</Filter>
    </ClCompile>
    <ClCompile Include="GeneratedFiles\Debug\moc_GameMainLoop.cpp">
      <Filter>Generierte Dateien\Debug</Filter>
    </ClCompile>
    <ClCompile Include="GeneratedFiles\Release\moc_GameMainLoop.cpp">
      <Filter>Generierte Dateien\Release</Filter>
    </ClCompile>
    <ClCompile Include="GeneratedFiles\Debug\moc_GameMainThread.cpp">
      <Filter>Generierte Dateien\Debug</Filter>
    </ClCompile>
    <ClCompile Include="GeneratedFiles\Release\moc_GameMainThread.cpp">
      <Filter>Generierte Dateien\Release</Filter>
    </ClCompile>
    <ClCompile Include="game\GameFactory.cpp">
      <Filter>Source Dateien\Game</Filter>
    </ClCompile>
    <ClCompile Include="game\GameMainCounter.cpp">
      <Filter>Source Dateien\Game</Filter>
    </ClCompile>
    <ClCompile Include="game\GameMainLoop.cpp">
      <Filter>Source Dateien\Game</Filter>
    </ClCompile>
    <ClCompile Include="game\GameMainThread.cpp">
      <Filter>Source Dateien\Game</Filter>
    </ClCompile>
    <ClCompile Include="game\GameMode.cpp">
      <Filter>Source Dateien\Game</Filter>
    </ClCompile>
    <ClCompile Include="game\GameModeEditor.cpp">
      <Filter>Source Dateien\Game</Filter>
    </ClCompile>
    <ClCompile Include="game\GameModeStandard.cpp">
      <Filter>Source Dateien\Game</Filter>
    </ClCompile>
    <ClCompile Include="model\MapCreatorSimple.cpp">
      <Filter>Source Dateien\Model</Filter>
    </ClCompile>
    <ClCompile Include="game\GameMapFactory.cpp">
      <Filter>Source Dateien\Game</Filter>
    </ClCompile>
    <ClCompile Include="model\MapCreatorSaveGame.cpp">
      <Filter>Source Dateien\Model</Filter>
    </ClCompile>
    <ClCompile Include="GeneratedFiles\Debug\moc_GameFactory.cpp">
      <Filter>Generierte Dateien\Debug</Filter>
    </ClCompile>
    <ClCompile Include="GeneratedFiles\Release\moc_GameFactory.cpp">
      <Filter>Generierte Dateien\Release</Filter>
    </ClCompile>
    <ClCompile Include="SerializeBinary.cpp">
      <Filter>Source Dateien\IO</Filter>
    </ClCompile>
    <ClCompile Include="SerializeXML.cpp">
      <Filter>Source Dateien\IO</Filter>
    </ClCompile>
    <ClCompile Include="SerializeXMLItems.cpp">
      <Filter>Source Dateien\IO</Filter>
    </ClCompile>
    <ClCompile Include="ModelHeaderXMLConfig.cpp">
      <Filter>Source Dateien\Model</Filter>
    </ClCompile>
    <ClCompile Include="GameSetting.cpp">
      <Filter>Source Dateien\Game</Filter>
    </ClCompile>
    <ClCompile Include="DomNodeListValueExtractor.cpp">
      <Filter>Source Dateien\Utilities</Filter>
    </ClCompile>
    <ClCompile Include="DomNodeFinder.cpp">
      <Filter>Source Dateien\Utilities</Filter>
    </ClCompile>
    <ClCompile Include="connectors\ConnectorEditorModelRepository.cpp">
      <Filter>Source Dateien\Connectors</Filter>
    </ClCompile>
    <ClCompile Include="GeneratedFiles\Debug\moc_ConnectorEditorModelRepository.cpp">
      <Filter>Generierte Dateien\Debug</Filter>
    </ClCompile>
    <ClCompile Include="GeneratedFiles\Release\moc_ConnectorEditorModelRepository.cpp">
      <Filter>Generierte Dateien\Release</Filter>
    </ClCompile>
    <ClCompile Include="model\ModelTerrainXMLItems.cpp">
      <Filter>Source Dateien\Model</Filter>
    </ClCompile>
    <ClCompile Include="model\ModelOwnerTypeXMLItems.cpp">
      <Filter>Source Dateien\Model</Filter>
    </ClCompile>
    <ClCompile Include="model\ModelProgramFactory.cpp">
      <Filter>Source Dateien\Model</Filter>
    </ClCompile>
    <ClCompile Include="model\ModelProgramXMLItems.cpp">
      <Filter>Source Dateien\Model</Filter>
    </ClCompile>
  </ItemGroup>
  <ItemGroup>
    <ClInclude Include="stdafx.h">
      <Filter>Header Dateien</Filter>
    </ClInclude>
    <ClInclude Include="GeneratedFiles\ui_gamedemonstrator.h">
      <Filter>Generierte Dateien</Filter>
    </ClInclude>
    <ClInclude Include="GeneratedFiles\ui_GameTurnDialog.h">
      <Filter>Generierte Dateien</Filter>
    </ClInclude>
    <ClInclude Include="GeneratedFiles\ui_HexItemInfoDialog.h">
      <Filter>Generierte Dateien</Filter>
    </ClInclude>
    <ClInclude Include="..\StandardLibQt\Command.h">
      <Filter>Header Dateien\StdLibQt</Filter>
    </ClInclude>
    <ClInclude Include="..\StandardLibQt\LogFactory.h">
      <Filter>Header Dateien\StdLibQt</Filter>
    </ClInclude>
    <ClInclude Include="..\StandardLibQt\Logger.h">
      <Filter>Header Dateien\StdLibQt</Filter>
    </ClInclude>
    <ClInclude Include="..\StandardLibQt\LoggerCout.h">
      <Filter>Header Dateien\StdLibQt</Filter>
    </ClInclude>
    <ClInclude Include="..\StandardLibQt\LoggerFile.h">
      <Filter>Header Dateien\StdLibQt</Filter>
    </ClInclude>
    <ClInclude Include="..\StandardLibQt\LogLevel.h">
      <Filter>Header Dateien\StdLibQt</Filter>
    </ClInclude>
    <ClInclude Include="..\StandardLibQt\LogMessage.h">
      <Filter>Header Dateien\StdLibQt</Filter>
    </ClInclude>
    <ClInclude Include="GeneratedFiles\ui_CreateNewMapDialog.h">
      <Filter>Generierte Dateien</Filter>
    </ClInclude>
    <ClInclude Include="resource.h">
      <Filter>Resource Dateien</Filter>
    </ClInclude>
    <ClInclude Include="ModelFactory.h">
      <Filter>Header Dateien\Model</Filter>
    </ClInclude>
    <ClInclude Include="SerializerFactory.h">
      <Filter>Header Dateien\IO</Filter>
    </ClInclude>
    <ClInclude Include="Action.h">
      <Filter>Header Dateien</Filter>
    </ClInclude>
    <ClInclude Include="HexagonData.h">
      <Filter>Header Dateien\UI</Filter>
    </ClInclude>
    <ClInclude Include="ISerializeGameInterface.h">
      <Filter>Header Dateien\IO</Filter>
    </ClInclude>
    <ClInclude Include="model\ModelMapConfig.h">
      <Filter>Header Dateien\Model</Filter>
    </ClInclude>
    <ClInclude Include="model\ModelMapItem.h">
      <Filter>Header Dateien\Model</Filter>
    </ClInclude>
    <ClInclude Include="model\ModelOwnerType.h">
      <Filter>Header Dateien\Model</Filter>
    </ClInclude>
    <ClInclude Include="model\ModelOwnerTypeRepository.h">
      <Filter>Header Dateien\Model</Filter>
    </ClInclude>
    <ClInclude Include="model\ModelTerrainTypeRepository.h">
      <Filter>Header Dateien\Model</Filter>
    </ClInclude>
    <ClInclude Include="model\ModelTerrainTypeFactory.h">
      <Filter>Header Dateien\Model</Filter>
    </ClInclude>
    <ClInclude Include="model\ModelTerrainType.h">
      <Filter>Header Dateien\Model</Filter>
    </ClInclude>
    <ClInclude Include="DomElementFinder.h">
      <Filter>Header Dateien\Utilities</Filter>
    </ClInclude>
    <ClInclude Include="DomValueExtractor.h">
      <Filter>Header Dateien\Utilities</Filter>
    </ClInclude>
    <ClInclude Include="model\ModelMapRepository.h">
      <Filter>Header Dateien\Model</Filter>
    </ClInclude>
    <ClInclude Include="model\ModelMapFactory.h">
      <Filter>Header Dateien\Model</Filter>
    </ClInclude>
    <ClInclude Include="game\GameMainCounter.h">
      <Filter>Header Dateien\Game</Filter>
    </ClInclude>
    <ClInclude Include="game\GameMode.h">
      <Filter>Header Dateien\Game</Filter>
    </ClInclude>
    <ClInclude Include="game\GameModeEditor.h">
      <Filter>Header Dateien\Game</Filter>
    </ClInclude>
    <ClInclude Include="game\GameModeStandard.h">
      <Filter>Header Dateien\Game</Filter>
    </ClInclude>
    <ClInclude Include="model\IMapCreator.h">
      <Filter>Header Dateien\Model</Filter>
    </ClInclude>
    <ClInclude Include="model\MapCreatorSimple.h">
      <Filter>Header Dateien\Model</Filter>
    </ClInclude>
    <ClInclude Include="game\GameMapFactory.h">
      <Filter>Header Dateien\Game</Filter>
    </ClInclude>
    <ClInclude Include="model\MapCreatorSaveGame.h">
      <Filter>Header Dateien\Model</Filter>
    </ClInclude>
    <ClInclude Include="SerializeBinary.h">
      <Filter>Header Dateien\IO</Filter>
    </ClInclude>
    <ClInclude Include="SerializeXML.h">
      <Filter>Header Dateien\IO</Filter>
    </ClInclude>
    <ClInclude Include="SerializeXMLItems.h">
      <Filter>Header Dateien\IO</Filter>
    </ClInclude>
    <ClInclude Include="ModelHeaderXMLConfig.h">
      <Filter>Header Dateien\Model</Filter>
    </ClInclude>
    <ClInclude Include="GameSetting.h">
      <Filter>Header Dateien\Game</Filter>
    </ClInclude>
    <ClInclude Include="DomNodeListValueExtractor.h">
      <Filter>Header Dateien\Utilities</Filter>
    </ClInclude>
    <ClInclude Include="DomNodeFinder.h">
      <Filter>Header Dateien\Utilities</Filter>
    </ClInclude>
    <ClInclude Include="model\ModelTerrainXMLItems.h">
      <Filter>Header Dateien\Model</Filter>
    </ClInclude>
    <ClInclude Include="model\ModelOwnerTypeXMLItems.h">
      <Filter>Header Dateien\Model</Filter>
    </ClInclude>
    <ClInclude Include="model\ModelProgramFactory.h">
      <Filter>Header Dateien\Model</Filter>
    </ClInclude>
    <ClInclude Include="model\ModelProgramXMLItems.h">
      <Filter>Header Dateien\Model</Filter>
    </ClInclude>
  </ItemGroup>
  <ItemGroup>
    <CustomBuild Include="gamedemonstrator.h">
      <Filter>Header Dateien</Filter>
    </CustomBuild>
    <CustomBuild Include="gamedemonstrator.ui">
      <Filter>Form Dateien</Filter>
    </CustomBuild>
    <CustomBuild Include="gamedemonstrator.qrc">
      <Filter>Resource Dateien</Filter>
    </CustomBuild>
    <CustomBuild Include="QActionRepository.h">
      <Filter>Header Dateien</Filter>
    </CustomBuild>
    <CustomBuild Include="GameTurnDialog.ui">
      <Filter>Form Dateien</Filter>
    </CustomBuild>
    <CustomBuild Include="HexItemInfoDialog.ui">
      <Filter>Form Dateien</Filter>
    </CustomBuild>
    <CustomBuild Include="MapEventManager.h">
      <Filter>Header Dateien</Filter>
    </CustomBuild>
    <CustomBuild Include="..\StandardLibQt\LoggerTableWidget.h">
      <Filter>Header Dateien\StdLibQt</Filter>
    </CustomBuild>
    <CustomBuild Include="..\StandardLibQt\LogInterface.h">
      <Filter>Header Dateien\StdLibQt</Filter>
    </CustomBuild>
    <CustomBuild Include="..\StandardLibQt\LogManager.h">
      <Filter>Header Dateien\StdLibQt</Filter>
    </CustomBuild>
    <CustomBuild Include="..\StandardLibQt\LogManagerThread.h">
      <Filter>Header Dateien\StdLibQt</Filter>
    </CustomBuild>
    <CustomBuild Include="..\StandardLibQt\LoggingTableWidget.h">
      <Filter>Header Dateien\StdLibQt</Filter>
    </CustomBuild>
    <CustomBuild Include="CreateNewMapDialog.ui">
      <Filter>Form Dateien</Filter>
    </CustomBuild>
    <CustomBuild Include="TerrainTypeEditor.h">
      <Filter>Header Dateien\Editor</Filter>
    </CustomBuild>
    <CustomBuild Include="HexItemInfoDialog.h">
      <Filter>Header Dateien\UI</Filter>
    </CustomBuild>
    <CustomBuild Include="GameTurnDialog.h">
      <Filter>Header Dateien\UI</Filter>
    </CustomBuild>
    <CustomBuild Include="CreateNewMapDialog.h">
      <Filter>Header Dateien\UI</Filter>
    </CustomBuild>
    <CustomBuild Include="MapViewGraphicsScene.h">
      <Filter>Header Dateien\UI</Filter>
    </CustomBuild>
    <CustomBuild Include="MapView.h">
      <Filter>Header Dateien\UI</Filter>
    </CustomBuild>
    <CustomBuild Include="MapViewHexItem.h">
      <Filter>Header Dateien\UI</Filter>
    </CustomBuild>
    <CustomBuild Include="EditorToolbox.h">
      <Filter>Header Dateien\Editor</Filter>
    </CustomBuild>
    <CustomBuild Include="SerializerInterface.h">
      <Filter>Header Dateien\IO</Filter>
    </CustomBuild>
    <CustomBuild Include="HexItemEventManager.h">
      <Filter>Header Dateien\UI</Filter>
    </CustomBuild>
    <CustomBuild Include="model\ModelOwnerTypeFactory.h">
      <Filter>Header Dateien\Model</Filter>
    </CustomBuild>
    <CustomBuild Include="game\GameMainLoop.h">
      <Filter>Header Dateien\Game</Filter>
    </CustomBuild>
    <CustomBuild Include="game\GameMainThread.h">
      <Filter>Header Dateien\Game</Filter>
    </CustomBuild>
    <CustomBuild Include="game\GameFactory.h">
      <Filter>Header Dateien\Game</Filter>
    </CustomBuild>
    <CustomBuild Include="connectors\ConnectorEditorModelRepository.h">
      <Filter>Header Dateien\Connectors</Filter>
    </CustomBuild>
  </ItemGroup>
  <ItemGroup>
    <ResourceCompile Include="GameDemonstrator.rc">
      <Filter>Resource Dateien</Filter>
    </ResourceCompile>
  </ItemGroup>
  <ItemGroup>
    <Image Include="GameDemonstrator.ico">
      <Filter>Resource Dateien</Filter>
    </Image>
  </ItemGroup>
  <ItemGroup>
    <None Include="CompleteOverview.cd" />
  </ItemGroup>
  <ItemGroup>
    <Text Include="ReadMe.txt" />
  </ItemGroup>
</Project>